// !$*UTF8*$!
{
	archiveVersion = 1;
	classes = {
	};
	objectVersion = 56;
	objects = {

/* Begin PBXBuildFile section */
		3D151F912CEBD0FA009FD4A0 /* ProfileViewModel.swift in Sources */ = {isa = PBXBuildFile; fileRef = 3D151F902CEBD0FA009FD4A0 /* ProfileViewModel.swift */; };
		3D312D582C5C1478008F0B8D /* FeedViewModel.swift in Sources */ = {isa = PBXBuildFile; fileRef = 3D312D572C5C1478008F0B8D /* FeedViewModel.swift */; };
		3D34786C2CDF937D00BC2782 /* SnackbarView.swift in Sources */ = {isa = PBXBuildFile; fileRef = 3D34786B2CDF937D00BC2782 /* SnackbarView.swift */; };
		3D34786E2CDFA01A00BC2782 /* LoadingAndErrorOverlayModifier.swift in Sources */ = {isa = PBXBuildFile; fileRef = 3D34786D2CDFA01A00BC2782 /* LoadingAndErrorOverlayModifier.swift */; };
		3D3BF3F12C4979BF0050BB92 /* ThreadsTextFieldModifier.swift in Sources */ = {isa = PBXBuildFile; fileRef = 3D3BF3F02C4979BF0050BB92 /* ThreadsTextFieldModifier.swift */; };
		3D3BF3F82C497CE20050BB92 /* FeedView.swift in Sources */ = {isa = PBXBuildFile; fileRef = 3D3BF3F72C497CE20050BB92 /* FeedView.swift */; };
		3D3BF3FC2C497CFD0050BB92 /* ExploreView.swift in Sources */ = {isa = PBXBuildFile; fileRef = 3D3BF3FB2C497CFD0050BB92 /* ExploreView.swift */; };
		3D3BF4062C497D340050BB92 /* ActivityView.swift in Sources */ = {isa = PBXBuildFile; fileRef = 3D3BF4052C497D340050BB92 /* ActivityView.swift */; };
		3D3BF4082C497D410050BB92 /* ProfileView.swift in Sources */ = {isa = PBXBuildFile; fileRef = 3D3BF4072C497D410050BB92 /* ProfileView.swift */; };
		3D3BF40F2C4983B90050BB92 /* CircularProfileImageView.swift in Sources */ = {isa = PBXBuildFile; fileRef = 3D3BF40E2C4983B90050BB92 /* CircularProfileImageView.swift */; };
		3D3BF4112C49842B0050BB92 /* UserCell.swift in Sources */ = {isa = PBXBuildFile; fileRef = 3D3BF4102C49842B0050BB92 /* UserCell.swift */; };
		3D3BF4182C498CDF0050BB92 /* EditProfileView.swift in Sources */ = {isa = PBXBuildFile; fileRef = 3D3BF4172C498CDF0050BB92 /* EditProfileView.swift */; };
		3D44132E2C4C344B00D71E39 /* UserBO.swift in Sources */ = {isa = PBXBuildFile; fileRef = 3D44132D2C4C344B00D71E39 /* UserBO.swift */; };
		3D4413362C4C3FFE00D71E39 /* ExploreViewModel.swift in Sources */ = {isa = PBXBuildFile; fileRef = 3D4413352C4C3FFE00D71E39 /* ExploreViewModel.swift */; };
		3D4413382C4C417100D71E39 /* PreviewProvider.swift in Sources */ = {isa = PBXBuildFile; fileRef = 3D4413372C4C417100D71E39 /* PreviewProvider.swift */; };
		3D4413422C4C47A700D71E39 /* ProfileHeaderView.swift in Sources */ = {isa = PBXBuildFile; fileRef = 3D4413412C4C47A700D71E39 /* ProfileHeaderView.swift */; };
		3D60DCEF2CDF86AA009BCE1A /* DeveloperCreditView.swift in Sources */ = {isa = PBXBuildFile; fileRef = 3D60DCEE2CDF86AA009BCE1A /* DeveloperCreditView.swift */; };
		3D60DCF12CDF8748009BCE1A /* Launch Screen.storyboard in Resources */ = {isa = PBXBuildFile; fileRef = 3D60DCF02CDF8748009BCE1A /* Launch Screen.storyboard */; };
		3D6512A62C4AD63100EC40EE /* FirebaseAuth in Frameworks */ = {isa = PBXBuildFile; productRef = 3D6512A52C4AD63100EC40EE /* FirebaseAuth */; };
		3D6512A82C4AD63100EC40EE /* FirebaseFirestore in Frameworks */ = {isa = PBXBuildFile; productRef = 3D6512A72C4AD63100EC40EE /* FirebaseFirestore */; };
		3D6512AA2C4AD63100EC40EE /* FirebaseFirestoreSwift in Frameworks */ = {isa = PBXBuildFile; productRef = 3D6512A92C4AD63100EC40EE /* FirebaseFirestoreSwift */; };
		3D6512AC2C4AD63100EC40EE /* FirebaseStorage in Frameworks */ = {isa = PBXBuildFile; productRef = 3D6512AB2C4AD63100EC40EE /* FirebaseStorage */; };
		3D6572392CDE86D90064A206 /* CreateUserDTO.swift in Sources */ = {isa = PBXBuildFile; fileRef = 3D6572382CDE86D90064A206 /* CreateUserDTO.swift */; };
		3D65723B2CDE87180064A206 /* UpdateUserDTO.swift in Sources */ = {isa = PBXBuildFile; fileRef = 3D65723A2CDE87180064A206 /* UpdateUserDTO.swift */; };
		3D65723D2CDE87560064A206 /* UserDTO.swift in Sources */ = {isa = PBXBuildFile; fileRef = 3D65723C2CDE87560064A206 /* UserDTO.swift */; };
		3D6572402CDE878A0064A206 /* CreateUserDTO+Dictionary.swift in Sources */ = {isa = PBXBuildFile; fileRef = 3D65723F2CDE878A0064A206 /* CreateUserDTO+Dictionary.swift */; };
		3D6572422CDE87E70064A206 /* UpdateUserDTO+Dictionary.swift in Sources */ = {isa = PBXBuildFile; fileRef = 3D6572412CDE87E70064A206 /* UpdateUserDTO+Dictionary.swift */; };
		3D6572442CDE885F0064A206 /* UserDataSource.swift in Sources */ = {isa = PBXBuildFile; fileRef = 3D6572432CDE885F0064A206 /* UserDataSource.swift */; };
		3D6572462CDE88A00064A206 /* AuthenticationDataSource.swift in Sources */ = {isa = PBXBuildFile; fileRef = 3D6572452CDE88A00064A206 /* AuthenticationDataSource.swift */; };
		3D6572482CDE8C660064A206 /* StorageFilesDataSource.swift in Sources */ = {isa = PBXBuildFile; fileRef = 3D6572472CDE8C660064A206 /* StorageFilesDataSource.swift */; };
		3D65724A2CDE8CAF0064A206 /* FirestoreStorageFilesDataSourceImpl.swift in Sources */ = {isa = PBXBuildFile; fileRef = 3D6572492CDE8CAF0064A206 /* FirestoreStorageFilesDataSourceImpl.swift */; };
		3D65724C2CDE8CF50064A206 /* FirebaseAuthenticationDataSourceImpl.swift in Sources */ = {isa = PBXBuildFile; fileRef = 3D65724B2CDE8CF50064A206 /* FirebaseAuthenticationDataSourceImpl.swift */; };
		3D65724E2CDE8D150064A206 /* FirestoreUserDataSourceImpl.swift in Sources */ = {isa = PBXBuildFile; fileRef = 3D65724D2CDE8D150064A206 /* FirestoreUserDataSourceImpl.swift */; };
		3D6572502CDE8D7C0064A206 /* Container.swift in Sources */ = {isa = PBXBuildFile; fileRef = 3D65724F2CDE8D7B0064A206 /* Container.swift */; };
		3D6572542CDE8E4A0064A206 /* Mapper.swift in Sources */ = {isa = PBXBuildFile; fileRef = 3D6572532CDE8E4A0064A206 /* Mapper.swift */; };
		3D6572562CDE8E620064A206 /* UserMapper.swift in Sources */ = {isa = PBXBuildFile; fileRef = 3D6572552CDE8E620064A206 /* UserMapper.swift */; };
		3D65725C2CDE90B70064A206 /* UserProfileRepository.swift in Sources */ = {isa = PBXBuildFile; fileRef = 3D65725B2CDE90B70064A206 /* UserProfileRepository.swift */; };
		3D65725E2CDE912E0064A206 /* UserProfileRepositoryImpl.swift in Sources */ = {isa = PBXBuildFile; fileRef = 3D65725D2CDE912E0064A206 /* UserProfileRepositoryImpl.swift */; };
		3D6572602CDE92A70064A206 /* AuthenticationRepository.swift in Sources */ = {isa = PBXBuildFile; fileRef = 3D65725F2CDE92A70064A206 /* AuthenticationRepository.swift */; };
		3D6572622CDE92CA0064A206 /* AuthenticationRepositoryImpl.swift in Sources */ = {isa = PBXBuildFile; fileRef = 3D6572612CDE92CA0064A206 /* AuthenticationRepositoryImpl.swift */; };
		3D6572642CDE92FA0064A206 /* SignOutUseCase.swift in Sources */ = {isa = PBXBuildFile; fileRef = 3D6572632CDE92FA0064A206 /* SignOutUseCase.swift */; };
		3D6572662CDE930E0064A206 /* SignUpUseCase.swift in Sources */ = {isa = PBXBuildFile; fileRef = 3D6572652CDE930E0064A206 /* SignUpUseCase.swift */; };
		3D6572682CDE93D40064A206 /* VerifySessionUseCase.swift in Sources */ = {isa = PBXBuildFile; fileRef = 3D6572672CDE93D40064A206 /* VerifySessionUseCase.swift */; };
		3D65726A2CDE94070064A206 /* GetCurrentUserUseCase.swift in Sources */ = {isa = PBXBuildFile; fileRef = 3D6572692CDE94070064A206 /* GetCurrentUserUseCase.swift */; };
		3D65726C2CDE94490064A206 /* GetSuggestionsUseCase.swift in Sources */ = {isa = PBXBuildFile; fileRef = 3D65726B2CDE94490064A206 /* GetSuggestionsUseCase.swift */; };
		3D65726E2CDE949E0064A206 /* UpdateUserUseCase.swift in Sources */ = {isa = PBXBuildFile; fileRef = 3D65726D2CDE949E0064A206 /* UpdateUserUseCase.swift */; };
		3D6572712CDE95310064A206 /* EventBus.swift in Sources */ = {isa = PBXBuildFile; fileRef = 3D6572702CDE95310064A206 /* EventBus.swift */; };
		3D65728D2CDEABA30064A206 /* SignInUseCase.swift in Sources */ = {isa = PBXBuildFile; fileRef = 3D65728C2CDEABA30064A206 /* SignInUseCase.swift */; };
		3D66849D2CEBA8D1009B1627 /* HomeViewModel.swift in Sources */ = {isa = PBXBuildFile; fileRef = 3D66849C2CEBA8D1009B1627 /* HomeViewModel.swift */; };
		3D70DFF82CDF6565009EE223 /* BaseViewModel.swift in Sources */ = {isa = PBXBuildFile; fileRef = 3D70DFF72CDF6565009EE223 /* BaseViewModel.swift */; };
		3D70DFFA2CDF658C009EE223 /* BaseUserViewModel.swift in Sources */ = {isa = PBXBuildFile; fileRef = 3D70DFF92CDF658C009EE223 /* BaseUserViewModel.swift */; };
		3D70DFFD2CDF669F009EE223 /* MainView.swift in Sources */ = {isa = PBXBuildFile; fileRef = 3D70DFFC2CDF669F009EE223 /* MainView.swift */; };
		3D70DFFF2CDF66BE009EE223 /* MainViewModel.swift in Sources */ = {isa = PBXBuildFile; fileRef = 3D70DFFE2CDF66BE009EE223 /* MainViewModel.swift */; };
		3D70E0022CDF6729009EE223 /* LoadingView.swift in Sources */ = {isa = PBXBuildFile; fileRef = 3D70E0012CDF6729009EE223 /* LoadingView.swift */; };
		3D70E0052CDF679E009EE223 /* HomeView.swift in Sources */ = {isa = PBXBuildFile; fileRef = 3D70E0042CDF679E009EE223 /* HomeView.swift */; };
		3D70E0092CDF686F009EE223 /* SignInView.swift in Sources */ = {isa = PBXBuildFile; fileRef = 3D70E0082CDF686F009EE223 /* SignInView.swift */; };
		3D70E00D2CDF68E8009EE223 /* SignInViewModel.swift in Sources */ = {isa = PBXBuildFile; fileRef = 3D70E00C2CDF68E8009EE223 /* SignInViewModel.swift */; };
		3D70E00F2CDF68F3009EE223 /* SignUpViewModel.swift in Sources */ = {isa = PBXBuildFile; fileRef = 3D70E00E2CDF68F3009EE223 /* SignUpViewModel.swift */; };
		3D70E0112CDF6CB2009EE223 /* SignUpView.swift in Sources */ = {isa = PBXBuildFile; fileRef = 3D70E0102CDF6CB2009EE223 /* SignUpView.swift */; };
		3D70E0132CDF6F70009EE223 /* BackgroundImage.swift in Sources */ = {isa = PBXBuildFile; fileRef = 3D70E0122CDF6F70009EE223 /* BackgroundImage.swift */; };
		3D7F54D42CDD5A7600D1CF50 /* Factory in Frameworks */ = {isa = PBXBuildFile; productRef = 3D7F54D32CDD5A7600D1CF50 /* Factory */; };
		3D83F66E2CEE6350000C30AC /* ForgotPasswordView.swift in Sources */ = {isa = PBXBuildFile; fileRef = 3D83F66D2CEE6350000C30AC /* ForgotPasswordView.swift */; };
		3D83F6702CEE6366000C30AC /* ForgotPasswordViewModel.swift in Sources */ = {isa = PBXBuildFile; fileRef = 3D83F66F2CEE6366000C30AC /* ForgotPasswordViewModel.swift */; };
		3D83F6722CEE65C3000C30AC /* ForgotPasswordUseCase.swift in Sources */ = {isa = PBXBuildFile; fileRef = 3D83F6712CEE65C3000C30AC /* ForgotPasswordUseCase.swift */; };
		3D885E052C4CF83600A3BE3A /* EditProfileViewModel.swift in Sources */ = {isa = PBXBuildFile; fileRef = 3D885E042C4CF83600A3BE3A /* EditProfileViewModel.swift */; };
		3D885E0A2C4D017700A3BE3A /* Kingfisher in Frameworks */ = {isa = PBXBuildFile; productRef = 3D885E092C4D017700A3BE3A /* Kingfisher */; };
		3D8BFBC92CED1AE5000A386F /* CreateUserBO.swift in Sources */ = {isa = PBXBuildFile; fileRef = 3D8BFBC82CED1AE5000A386F /* CreateUserBO.swift */; };
		3D8BFBCB2CED1AF3000A386F /* UpdateUserBO.swift in Sources */ = {isa = PBXBuildFile; fileRef = 3D8BFBCA2CED1AF3000A386F /* UpdateUserBO.swift */; };
		3D976B582CF1D81B008AE29A /* ActivityViewModel.swift in Sources */ = {isa = PBXBuildFile; fileRef = 3D976B572CF1D81B008AE29A /* ActivityViewModel.swift */; };
		3D976B5A2CF1DB7B008AE29A /* NotificationCell.swift in Sources */ = {isa = PBXBuildFile; fileRef = 3D976B592CF1DB7B008AE29A /* NotificationCell.swift */; };
		3D976B5D2CF1FAE5008AE29A /* SwipeActions in Frameworks */ = {isa = PBXBuildFile; productRef = 3D976B5C2CF1FAE5008AE29A /* SwipeActions */; };
		3D976B5F2CF20B28008AE29A /* FetchUserConnectionsUseCase.swift in Sources */ = {isa = PBXBuildFile; fileRef = 3D976B5E2CF20B28008AE29A /* FetchUserConnectionsUseCase.swift */; };
		3D976B622CF20BA1008AE29A /* ConnectionsView.swift in Sources */ = {isa = PBXBuildFile; fileRef = 3D976B612CF20BA1008AE29A /* ConnectionsView.swift */; };
		3D976B642CF20BAF008AE29A /* ConnectionsViewModel.swift in Sources */ = {isa = PBXBuildFile; fileRef = 3D976B632CF20BAF008AE29A /* ConnectionsViewModel.swift */; };
		3D9CE4952CF10D670033D094 /* SearchUsersUseCase.swift in Sources */ = {isa = PBXBuildFile; fileRef = 3D9CE4942CF10D670033D094 /* SearchUsersUseCase.swift */; };
		3D9CE4972CF11ABF0033D094 /* NotificationsDataSource.swift in Sources */ = {isa = PBXBuildFile; fileRef = 3D9CE4962CF11ABF0033D094 /* NotificationsDataSource.swift */; };
		3D9CE4992CF11AE70033D094 /* NotificationDTO.swift in Sources */ = {isa = PBXBuildFile; fileRef = 3D9CE4982CF11AE70033D094 /* NotificationDTO.swift */; };
		3D9CE49B2CF11B3C0033D094 /* FirestoreNotificationsDataSourceImpl.swift in Sources */ = {isa = PBXBuildFile; fileRef = 3D9CE49A2CF11B3C0033D094 /* FirestoreNotificationsDataSourceImpl.swift */; };
		3D9CE49D2CF11D570033D094 /* NotificationsRepository.swift in Sources */ = {isa = PBXBuildFile; fileRef = 3D9CE49C2CF11D570033D094 /* NotificationsRepository.swift */; };
		3D9CE49F2CF11DA20033D094 /* NotificationBO.swift in Sources */ = {isa = PBXBuildFile; fileRef = 3D9CE49E2CF11DA20033D094 /* NotificationBO.swift */; };
		3D9CE4A12CF11E080033D094 /* NotificationRepositoryImpl.swift in Sources */ = {isa = PBXBuildFile; fileRef = 3D9CE4A02CF11E080033D094 /* NotificationRepositoryImpl.swift */; };
		3D9CE4A32CF11E400033D094 /* NotificationMapper.swift in Sources */ = {isa = PBXBuildFile; fileRef = 3D9CE4A22CF11E400033D094 /* NotificationMapper.swift */; };
		3D9CE4A52CF11FFF0033D094 /* FetchNotificationsUseCase.swift in Sources */ = {isa = PBXBuildFile; fileRef = 3D9CE4A42CF11FFF0033D094 /* FetchNotificationsUseCase.swift */; };
		3D9CE4A72CF120130033D094 /* DeleteNotificationUseCase.swift in Sources */ = {isa = PBXBuildFile; fileRef = 3D9CE4A62CF120130033D094 /* DeleteNotificationUseCase.swift */; };
		3DA3D84B2CEFB5C800E00176 /* ShareActivityView.swift in Sources */ = {isa = PBXBuildFile; fileRef = 3DA3D84A2CEFB5C800E00176 /* ShareActivityView.swift */; };
		3DA3D84D2CEFCDC900E00176 /* FollowUserUseCase.swift in Sources */ = {isa = PBXBuildFile; fileRef = 3DA3D84C2CEFCDC900E00176 /* FollowUserUseCase.swift */; };
		3DB436972C62A86A00646502 /* Timestamp.swift in Sources */ = {isa = PBXBuildFile; fileRef = 3DB436962C62A86A00646502 /* Timestamp.swift */; };
		3DF5D4CF2C46FA3E00103F4B /* ThreadsApp.swift in Sources */ = {isa = PBXBuildFile; fileRef = 3DF5D4CE2C46FA3E00103F4B /* ThreadsApp.swift */; };
		3DF5D4D32C46FA4000103F4B /* Assets.xcassets in Resources */ = {isa = PBXBuildFile; fileRef = 3DF5D4D22C46FA4000103F4B /* Assets.xcassets */; };
		3DF5D4D62C46FA4000103F4B /* Preview Assets.xcassets in Resources */ = {isa = PBXBuildFile; fileRef = 3DF5D4D52C46FA4000103F4B /* Preview Assets.xcassets */; };
		E1F6516A2EE01BC400EFA68D /* GoogleService-Info.plist in Resources */ = {isa = PBXBuildFile; fileRef = E1F651692EE01BC400EFA68D /* GoogleService-Info.plist */; };
		3D4CFA9913F6D4110064AD8B655 /* GoalBO.swift in Sources */ = {isa = PBXBuildFile; fileRef = 3DF99F8539F1A01B0064A1A928D /* GoalBO.swift */; };
		3D5AD6EA6A749E6F0064AC16CA6 /* CreateGoalBO.swift in Sources */ = {isa = PBXBuildFile; fileRef = 3D4DA56E316A00830064AF04D43 /* CreateGoalBO.swift */; };
		3D8C1C995CF862C50064A58A4B7 /* ProgressUpdateBO.swift in Sources */ = {isa = PBXBuildFile; fileRef = 3DD3CAAFB765EC170064AC58536 /* ProgressUpdateBO.swift */; };
		3DD7DB89A62285C90064AE85759 /* CreateProgressUpdateBO.swift in Sources */ = {isa = PBXBuildFile; fileRef = 3D42BD5629112BAC0064A8B3BC6 /* CreateProgressUpdateBO.swift */; };
		3D5B577FFE4E57F10064AECCE6C /* GoalDTO.swift in Sources */ = {isa = PBXBuildFile; fileRef = 3D4B3890821EA0190064A4A4B5E /* GoalDTO.swift */; };
		3D68FB3C3C6F4A2C0064AC19579 /* CreateGoalDTO.swift in Sources */ = {isa = PBXBuildFile; fileRef = 3D0CEDE839F48CC80064A0A3D65 /* CreateGoalDTO.swift */; };
		3D8658875D0B60430064AC4191C /* ProgressUpdateDTO.swift in Sources */ = {isa = PBXBuildFile; fileRef = 3DECA2CB366318260064A1AB263 /* ProgressUpdateDTO.swift */; };
		3D36C83CA088AF440064A94571F /* CreateProgressUpdateDTO.swift in Sources */ = {isa = PBXBuildFile; fileRef = 3D03320FCCCF6ACB0064A73FFEA /* CreateProgressUpdateDTO.swift */; };
		3D6C79AA63D581190064A61023F /* CreateGoalDTO+Dictionary.swift in Sources */ = {isa = PBXBuildFile; fileRef = 3D0BA456B622BC950064A91A459 /* CreateGoalDTO+Dictionary.swift */; };
		3D49B852DB80D2190064ACA8543 /* CreateProgressUpdateDTO+Dictionary.swift in Sources */ = {isa = PBXBuildFile; fileRef = 3DFC2A4FAEDC91EC0064A07C171 /* CreateProgressUpdateDTO+Dictionary.swift */; };
		3D62362049D4985B0064AC40228 /* GoalDataSource.swift in Sources */ = {isa = PBXBuildFile; fileRef = 3D7848FA050EAB870064AF9A41C /* GoalDataSource.swift */; };
		3DA6502D3BA825030064A89C47E /* ProgressUpdateDataSource.swift in Sources */ = {isa = PBXBuildFile; fileRef = 3DA12873C8C338B20064A50A5D0 /* ProgressUpdateDataSource.swift */; };
		3D284F60166206EE0064A837A8A /* FirestoreGoalDataSourceImpl.swift in Sources */ = {isa = PBXBuildFile; fileRef = 3DE550DCF1EC563D0064AD93620 /* FirestoreGoalDataSourceImpl.swift */; };
		3DF55950E3B604220064A8890C9 /* FirestoreProgressUpdateDataSourceImpl.swift in Sources */ = {isa = PBXBuildFile; fileRef = 3D528D705994C4B40064A4CB9C9 /* FirestoreProgressUpdateDataSourceImpl.swift */; };
		3D58CDD9CB6F04930064AC5C764 /* GoalMapper.swift in Sources */ = {isa = PBXBuildFile; fileRef = 3D0CCD1EC37268470064A901E65 /* GoalMapper.swift */; };
		3D974EDA59FE6D490064AE7720E /* CreateGoalMapper.swift in Sources */ = {isa = PBXBuildFile; fileRef = 3DCEF2710734BFD70064A1DD45B /* CreateGoalMapper.swift */; };
		3D1FA671ABF1E31A0064A8D30A5 /* ProgressUpdateMapper.swift in Sources */ = {isa = PBXBuildFile; fileRef = 3DB7885F6267AD200064AFB6EA2 /* ProgressUpdateMapper.swift */; };
		3D3102BACC0CA1F10064AFE2B05 /* CreateProgressUpdateMapper.swift in Sources */ = {isa = PBXBuildFile; fileRef = 3D8B27272B07CDAC0064A284E20 /* CreateProgressUpdateMapper.swift */; };
		3D4B448403DDEA360064AA49B14 /* GoalRepository.swift in Sources */ = {isa = PBXBuildFile; fileRef = 3D68C2DCE591D5D70064A730D64 /* GoalRepository.swift */; };
		3DCA8026BA9F7D110064AA51C2D /* ProgressUpdateRepository.swift in Sources */ = {isa = PBXBuildFile; fileRef = 3D67B4E5003898B80064A23168A /* ProgressUpdateRepository.swift */; };
		3D253E22EBD6D5B90064AC25004 /* GoalRepositoryImpl.swift in Sources */ = {isa = PBXBuildFile; fileRef = 3D148DF3B0EC81600064AF9637F /* GoalRepositoryImpl.swift */; };
		3D2E10EB8DEFF4A90064A4E04F5 /* ProgressUpdateRepositoryImpl.swift in Sources */ = {isa = PBXBuildFile; fileRef = 3DAD1BE120F6C7020064AC2D944 /* ProgressUpdateRepositoryImpl.swift */; };
		3DE167A80B780FBD0064A9DA244 /* CreateGoalUseCase.swift in Sources */ = {isa = PBXBuildFile; fileRef = 3DD002408C8657DF0064ABCF948 /* CreateGoalUseCase.swift */; };
		3DFC3B4F2B53BAFF0064A4129E4 /* FetchUserGoalsUseCase.swift in Sources */ = {isa = PBXBuildFile; fileRef = 3D631061156F51C60064A9DA865 /* FetchUserGoalsUseCase.swift */; };
		3D3488DA472737190064A412837 /* FetchOwnGoalsUseCase.swift in Sources */ = {isa = PBXBuildFile; fileRef = 3DD6E115855949F90064AB3563D /* FetchOwnGoalsUseCase.swift */; };
		3DAC3B4B56B646790064AC7A55A /* DeleteGoalUseCase.swift in Sources */ = {isa = PBXBuildFile; fileRef = 3D51C43812AB0F410064A0D64DD /* DeleteGoalUseCase.swift */; };
		3DEFC87326996F6C0064AA8293C /* FetchProgressUpdatesByGoalUseCase.swift in Sources */ = {isa = PBXBuildFile; fileRef = 3DEF31E142E9EF970064A1457E8 /* FetchProgressUpdatesByGoalUseCase.swift */; };
		3D6E5FE89F2EA7A30064A77C0DD /* FetchFeedUpdatesUseCase.swift in Sources */ = {isa = PBXBuildFile; fileRef = 3DF5F2AE865289880064AE153EB /* FetchFeedUpdatesUseCase.swift */; };
		3D80048F5D6BF57B0064A4F0242 /* CreateProgressUpdateUseCase.swift in Sources */ = {isa = PBXBuildFile; fileRef = 3D457A2CEBEDB9570064AF1C1D7 /* CreateProgressUpdateUseCase.swift */; };
		3D5023C79B0A5B0A0064AB4A590 /* LikeProgressUpdateUseCase.swift in Sources */ = {isa = PBXBuildFile; fileRef = 3DD6DCE6B5D073C80064A2612B3 /* LikeProgressUpdateUseCase.swift */; };
		3D75459E9A3566600064AEC0E64 /* CreateGoalViewModel.swift in Sources */ = {isa = PBXBuildFile; fileRef = 3D5250A5A28C7A280064A7821D1 /* CreateGoalViewModel.swift */; };
		3D6D91C1792F66860064A6AAAAD /* GoalDetailViewModel.swift in Sources */ = {isa = PBXBuildFile; fileRef = 3D21DE304492452C0064ADB9446 /* GoalDetailViewModel.swift */; };
		3D163503CCB4B8100064A87ABDC /* CreateProgressUpdateViewModel.swift in Sources */ = {isa = PBXBuildFile; fileRef = 3DEE5553309814DC0064AF630BB /* CreateProgressUpdateViewModel.swift */; };
		3D31E361F3095EB40064A904021 /* UserGoalsListViewModel.swift in Sources */ = {isa = PBXBuildFile; fileRef = 3D5FB506C47262F90064A487943 /* UserGoalsListViewModel.swift */; };
		3D46B53835BCD3FA0064A8859A5 /* BaseProgressUpdateActionsViewModel.swift in Sources */ = {isa = PBXBuildFile; fileRef = 3D931D975EBDE8C00064A435DD6 /* BaseProgressUpdateActionsViewModel.swift */; };
		3D8B7C38ACCD76DD0064AAF093D /* GoalCard.swift in Sources */ = {isa = PBXBuildFile; fileRef = 3D7B96494C4B2F020064A3AC5B6 /* GoalCard.swift */; };
		3D46920E9A99DF120064A5B18BE /* CreateGoalView.swift in Sources */ = {isa = PBXBuildFile; fileRef = 3DE973C4EDD9F81D0064AA4340F /* CreateGoalView.swift */; };
		3D265B3DD3E6B21C0064ABD2E2F /* GoalDetailView.swift in Sources */ = {isa = PBXBuildFile; fileRef = 3DC9C9E49C9B249C0064A0C8B77 /* GoalDetailView.swift */; };
		3D95889A5496194C0064A12E32A /* GoalPickerSheet.swift in Sources */ = {isa = PBXBuildFile; fileRef = 3D56C1A4A42275180064A6B1E91 /* GoalPickerSheet.swift */; };
		3D419F25AAC44BAB0064A0F3EE4 /* CreateProgressUpdateView.swift in Sources */ = {isa = PBXBuildFile; fileRef = 3D6B4ECC95A969400064A99F4F0 /* CreateProgressUpdateView.swift */; };
		3DA98754EB17CB810064A3C9A83 /* ProgressUpdateCell.swift in Sources */ = {isa = PBXBuildFile; fileRef = 3DA9BB9DB623A1060064A285B71 /* ProgressUpdateCell.swift */; };
		3DD1DFA46AEB8BCA0064A263EB8 /* UserGoalsListView.swift in Sources */ = {isa = PBXBuildFile; fileRef = 3D8160E7DC81BE7C0064A44C5F4 /* UserGoalsListView.swift */; };
/* End PBXBuildFile section */

/* Begin PBXFileReference section */
		3D151F902CEBD0FA009FD4A0 /* ProfileViewModel.swift */ = {isa = PBXFileReference; lastKnownFileType = sourcecode.swift; path = ProfileViewModel.swift; sourceTree = "<group>"; };
		3D312D572C5C1478008F0B8D /* FeedViewModel.swift */ = {isa = PBXFileReference; lastKnownFileType = sourcecode.swift; path = FeedViewModel.swift; sourceTree = "<group>"; };
		3D34786B2CDF937D00BC2782 /* SnackbarView.swift */ = {isa = PBXFileReference; lastKnownFileType = sourcecode.swift; path = SnackbarView.swift; sourceTree = "<group>"; };
		3D34786D2CDFA01A00BC2782 /* LoadingAndErrorOverlayModifier.swift */ = {isa = PBXFileReference; lastKnownFileType = sourcecode.swift; path = LoadingAndErrorOverlayModifier.swift; sourceTree = "<group>"; };
		3D3BF3F02C4979BF0050BB92 /* ThreadsTextFieldModifier.swift */ = {isa = PBXFileReference; lastKnownFileType = sourcecode.swift; path = ThreadsTextFieldModifier.swift; sourceTree = "<group>"; };
		3D3BF3F72C497CE20050BB92 /* FeedView.swift */ = {isa = PBXFileReference; lastKnownFileType = sourcecode.swift; path = FeedView.swift; sourceTree = "<group>"; };
		3D3BF3FB2C497CFD0050BB92 /* ExploreView.swift */ = {isa = PBXFileReference; lastKnownFileType = sourcecode.swift; path = ExploreView.swift; sourceTree = "<group>"; };
		3D3BF4052C497D340050BB92 /* ActivityView.swift */ = {isa = PBXFileReference; lastKnownFileType = sourcecode.swift; path = ActivityView.swift; sourceTree = "<group>"; };
		3D3BF4072C497D410050BB92 /* ProfileView.swift */ = {isa = PBXFileReference; lastKnownFileType = sourcecode.swift; path = ProfileView.swift; sourceTree = "<group>"; };
		3D3BF40E2C4983B90050BB92 /* CircularProfileImageView.swift */ = {isa = PBXFileReference; lastKnownFileType = sourcecode.swift; path = CircularProfileImageView.swift; sourceTree = "<group>"; };
		3D3BF4102C49842B0050BB92 /* UserCell.swift */ = {isa = PBXFileReference; lastKnownFileType = sourcecode.swift; path = UserCell.swift; sourceTree = "<group>"; };
		3D3BF4172C498CDF0050BB92 /* EditProfileView.swift */ = {isa = PBXFileReference; lastKnownFileType = sourcecode.swift; path = EditProfileView.swift; sourceTree = "<group>"; };
		3D44132D2C4C344B00D71E39 /* UserBO.swift */ = {isa = PBXFileReference; lastKnownFileType = sourcecode.swift; path = UserBO.swift; sourceTree = "<group>"; };
		3D4413352C4C3FFE00D71E39 /* ExploreViewModel.swift */ = {isa = PBXFileReference; lastKnownFileType = sourcecode.swift; path = ExploreViewModel.swift; sourceTree = "<group>"; };
		3D4413372C4C417100D71E39 /* PreviewProvider.swift */ = {isa = PBXFileReference; lastKnownFileType = sourcecode.swift; path = PreviewProvider.swift; sourceTree = "<group>"; };
		3D4413412C4C47A700D71E39 /* ProfileHeaderView.swift */ = {isa = PBXFileReference; lastKnownFileType = sourcecode.swift; path = ProfileHeaderView.swift; sourceTree = "<group>"; };
		3D60DCEE2CDF86AA009BCE1A /* DeveloperCreditView.swift */ = {isa = PBXFileReference; lastKnownFileType = sourcecode.swift; path = DeveloperCreditView.swift; sourceTree = "<group>"; };
		3D60DCF02CDF8748009BCE1A /* Launch Screen.storyboard */ = {isa = PBXFileReference; lastKnownFileType = file.storyboard; path = "Launch Screen.storyboard"; sourceTree = "<group>"; };
		3D6512A22C4AD59E00EC40EE /* GoogleService-Info.plist */ = {isa = PBXFileReference; fileEncoding = 4; lastKnownFileType = text.plist.xml; path = "GoogleService-Info.plist"; sourceTree = "<group>"; };
		3D6572382CDE86D90064A206 /* CreateUserDTO.swift */ = {isa = PBXFileReference; lastKnownFileType = sourcecode.swift; path = CreateUserDTO.swift; sourceTree = "<group>"; };
		3D65723A2CDE87180064A206 /* UpdateUserDTO.swift */ = {isa = PBXFileReference; lastKnownFileType = sourcecode.swift; path = UpdateUserDTO.swift; sourceTree = "<group>"; };
		3D65723C2CDE87560064A206 /* UserDTO.swift */ = {isa = PBXFileReference; lastKnownFileType = sourcecode.swift; path = UserDTO.swift; sourceTree = "<group>"; };
		3D65723F2CDE878A0064A206 /* CreateUserDTO+Dictionary.swift */ = {isa = PBXFileReference; lastKnownFileType = sourcecode.swift; path = "CreateUserDTO+Dictionary.swift"; sourceTree = "<group>"; };
		3D6572412CDE87E70064A206 /* UpdateUserDTO+Dictionary.swift */ = {isa = PBXFileReference; lastKnownFileType = sourcecode.swift; path = "UpdateUserDTO+Dictionary.swift"; sourceTree = "<group>"; };
		3D6572432CDE885F0064A206 /* UserDataSource.swift */ = {isa = PBXFileReference; lastKnownFileType = sourcecode.swift; path = UserDataSource.swift; sourceTree = "<group>"; };
		3D6572452CDE88A00064A206 /* AuthenticationDataSource.swift */ = {isa = PBXFileReference; lastKnownFileType = sourcecode.swift; path = AuthenticationDataSource.swift; sourceTree = "<group>"; };
		3D6572472CDE8C660064A206 /* StorageFilesDataSource.swift */ = {isa = PBXFileReference; lastKnownFileType = sourcecode.swift; path = StorageFilesDataSource.swift; sourceTree = "<group>"; };
		3D6572492CDE8CAF0064A206 /* FirestoreStorageFilesDataSourceImpl.swift */ = {isa = PBXFileReference; lastKnownFileType = sourcecode.swift; path = FirestoreStorageFilesDataSourceImpl.swift; sourceTree = "<group>"; };
		3D65724B2CDE8CF50064A206 /* FirebaseAuthenticationDataSourceImpl.swift */ = {isa = PBXFileReference; lastKnownFileType = sourcecode.swift; path = FirebaseAuthenticationDataSourceImpl.swift; sourceTree = "<group>"; };
		3D65724D2CDE8D150064A206 /* FirestoreUserDataSourceImpl.swift */ = {isa = PBXFileReference; lastKnownFileType = sourcecode.swift; path = FirestoreUserDataSourceImpl.swift; sourceTree = "<group>"; };
		3D65724F2CDE8D7B0064A206 /* Container.swift */ = {isa = PBXFileReference; lastKnownFileType = sourcecode.swift; path = Container.swift; sourceTree = "<group>"; };
		3D6572532CDE8E4A0064A206 /* Mapper.swift */ = {isa = PBXFileReference; lastKnownFileType = sourcecode.swift; path = Mapper.swift; sourceTree = "<group>"; };
		3D6572552CDE8E620064A206 /* UserMapper.swift */ = {isa = PBXFileReference; lastKnownFileType = sourcecode.swift; path = UserMapper.swift; sourceTree = "<group>"; };
		3D65725B2CDE90B70064A206 /* UserProfileRepository.swift */ = {isa = PBXFileReference; lastKnownFileType = sourcecode.swift; path = UserProfileRepository.swift; sourceTree = "<group>"; };
		3D65725D2CDE912E0064A206 /* UserProfileRepositoryImpl.swift */ = {isa = PBXFileReference; lastKnownFileType = sourcecode.swift; path = UserProfileRepositoryImpl.swift; sourceTree = "<group>"; };
		3D65725F2CDE92A70064A206 /* AuthenticationRepository.swift */ = {isa = PBXFileReference; lastKnownFileType = sourcecode.swift; path = AuthenticationRepository.swift; sourceTree = "<group>"; };
		3D6572612CDE92CA0064A206 /* AuthenticationRepositoryImpl.swift */ = {isa = PBXFileReference; lastKnownFileType = sourcecode.swift; path = AuthenticationRepositoryImpl.swift; sourceTree = "<group>"; };
		3D6572632CDE92FA0064A206 /* SignOutUseCase.swift */ = {isa = PBXFileReference; lastKnownFileType = sourcecode.swift; path = SignOutUseCase.swift; sourceTree = "<group>"; };
		3D6572652CDE930E0064A206 /* SignUpUseCase.swift */ = {isa = PBXFileReference; lastKnownFileType = sourcecode.swift; path = SignUpUseCase.swift; sourceTree = "<group>"; };
		3D6572672CDE93D40064A206 /* VerifySessionUseCase.swift */ = {isa = PBXFileReference; lastKnownFileType = sourcecode.swift; path = VerifySessionUseCase.swift; sourceTree = "<group>"; };
		3D6572692CDE94070064A206 /* GetCurrentUserUseCase.swift */ = {isa = PBXFileReference; lastKnownFileType = sourcecode.swift; path = GetCurrentUserUseCase.swift; sourceTree = "<group>"; };
		3D65726B2CDE94490064A206 /* GetSuggestionsUseCase.swift */ = {isa = PBXFileReference; lastKnownFileType = sourcecode.swift; path = GetSuggestionsUseCase.swift; sourceTree = "<group>"; };
		3D65726D2CDE949E0064A206 /* UpdateUserUseCase.swift */ = {isa = PBXFileReference; lastKnownFileType = sourcecode.swift; path = UpdateUserUseCase.swift; sourceTree = "<group>"; };
		3D6572702CDE95310064A206 /* EventBus.swift */ = {isa = PBXFileReference; lastKnownFileType = sourcecode.swift; path = EventBus.swift; sourceTree = "<group>"; };
		3D65728C2CDEABA30064A206 /* SignInUseCase.swift */ = {isa = PBXFileReference; lastKnownFileType = sourcecode.swift; path = SignInUseCase.swift; sourceTree = "<group>"; };
		3D66849C2CEBA8D1009B1627 /* HomeViewModel.swift */ = {isa = PBXFileReference; lastKnownFileType = sourcecode.swift; path = HomeViewModel.swift; sourceTree = "<group>"; };
		3D70DFF72CDF6565009EE223 /* BaseViewModel.swift */ = {isa = PBXFileReference; lastKnownFileType = sourcecode.swift; path = BaseViewModel.swift; sourceTree = "<group>"; };
		3D70DFF92CDF658C009EE223 /* BaseUserViewModel.swift */ = {isa = PBXFileReference; lastKnownFileType = sourcecode.swift; path = BaseUserViewModel.swift; sourceTree = "<group>"; };
		3D70DFFC2CDF669F009EE223 /* MainView.swift */ = {isa = PBXFileReference; lastKnownFileType = sourcecode.swift; path = MainView.swift; sourceTree = "<group>"; };
		3D70DFFE2CDF66BE009EE223 /* MainViewModel.swift */ = {isa = PBXFileReference; lastKnownFileType = sourcecode.swift; path = MainViewModel.swift; sourceTree = "<group>"; };
		3D70E0012CDF6729009EE223 /* LoadingView.swift */ = {isa = PBXFileReference; lastKnownFileType = sourcecode.swift; path = LoadingView.swift; sourceTree = "<group>"; };
		3D70E0042CDF679E009EE223 /* HomeView.swift */ = {isa = PBXFileReference; lastKnownFileType = sourcecode.swift; path = HomeView.swift; sourceTree = "<group>"; };
		3D70E0082CDF686F009EE223 /* SignInView.swift */ = {isa = PBXFileReference; lastKnownFileType = sourcecode.swift; path = SignInView.swift; sourceTree = "<group>"; };
		3D70E00C2CDF68E8009EE223 /* SignInViewModel.swift */ = {isa = PBXFileReference; lastKnownFileType = sourcecode.swift; path = SignInViewModel.swift; sourceTree = "<group>"; };
		3D70E00E2CDF68F3009EE223 /* SignUpViewModel.swift */ = {isa = PBXFileReference; lastKnownFileType = sourcecode.swift; path = SignUpViewModel.swift; sourceTree = "<group>"; };
		3D70E0102CDF6CB2009EE223 /* SignUpView.swift */ = {isa = PBXFileReference; lastKnownFileType = sourcecode.swift; path = SignUpView.swift; sourceTree = "<group>"; };
		3D70E0122CDF6F70009EE223 /* BackgroundImage.swift */ = {isa = PBXFileReference; lastKnownFileType = sourcecode.swift; path = BackgroundImage.swift; sourceTree = "<group>"; };
		3D83F66D2CEE6350000C30AC /* ForgotPasswordView.swift */ = {isa = PBXFileReference; lastKnownFileType = sourcecode.swift; path = ForgotPasswordView.swift; sourceTree = "<group>"; };
		3D83F66F2CEE6366000C30AC /* ForgotPasswordViewModel.swift */ = {isa = PBXFileReference; lastKnownFileType = sourcecode.swift; path = ForgotPasswordViewModel.swift; sourceTree = "<group>"; };
		3D83F6712CEE65C3000C30AC /* ForgotPasswordUseCase.swift */ = {isa = PBXFileReference; lastKnownFileType = sourcecode.swift; path = ForgotPasswordUseCase.swift; sourceTree = "<group>"; };
		3D885E042C4CF83600A3BE3A /* EditProfileViewModel.swift */ = {isa = PBXFileReference; lastKnownFileType = sourcecode.swift; path = EditProfileViewModel.swift; sourceTree = "<group>"; };
		3D8BFBC82CED1AE5000A386F /* CreateUserBO.swift */ = {isa = PBXFileReference; lastKnownFileType = sourcecode.swift; path = CreateUserBO.swift; sourceTree = "<group>"; };
		3D8BFBCA2CED1AF3000A386F /* UpdateUserBO.swift */ = {isa = PBXFileReference; lastKnownFileType = sourcecode.swift; path = UpdateUserBO.swift; sourceTree = "<group>"; };
		3D976B572CF1D81B008AE29A /* ActivityViewModel.swift */ = {isa = PBXFileReference; lastKnownFileType = sourcecode.swift; path = ActivityViewModel.swift; sourceTree = "<group>"; };
		3D976B592CF1DB7B008AE29A /* NotificationCell.swift */ = {isa = PBXFileReference; lastKnownFileType = sourcecode.swift; path = NotificationCell.swift; sourceTree = "<group>"; };
		3D976B5E2CF20B28008AE29A /* FetchUserConnectionsUseCase.swift */ = {isa = PBXFileReference; lastKnownFileType = sourcecode.swift; path = FetchUserConnectionsUseCase.swift; sourceTree = "<group>"; };
		3D976B612CF20BA1008AE29A /* ConnectionsView.swift */ = {isa = PBXFileReference; lastKnownFileType = sourcecode.swift; path = ConnectionsView.swift; sourceTree = "<group>"; };
		3D976B632CF20BAF008AE29A /* ConnectionsViewModel.swift */ = {isa = PBXFileReference; lastKnownFileType = sourcecode.swift; path = ConnectionsViewModel.swift; sourceTree = "<group>"; };
		3D9CE4942CF10D670033D094 /* SearchUsersUseCase.swift */ = {isa = PBXFileReference; lastKnownFileType = sourcecode.swift; path = SearchUsersUseCase.swift; sourceTree = "<group>"; };
		3D9CE4962CF11ABF0033D094 /* NotificationsDataSource.swift */ = {isa = PBXFileReference; lastKnownFileType = sourcecode.swift; path = NotificationsDataSource.swift; sourceTree = "<group>"; };
		3D9CE4982CF11AE70033D094 /* NotificationDTO.swift */ = {isa = PBXFileReference; lastKnownFileType = sourcecode.swift; path = NotificationDTO.swift; sourceTree = "<group>"; };
		3D9CE49A2CF11B3C0033D094 /* FirestoreNotificationsDataSourceImpl.swift */ = {isa = PBXFileReference; lastKnownFileType = sourcecode.swift; path = FirestoreNotificationsDataSourceImpl.swift; sourceTree = "<group>"; };
		3D9CE49C2CF11D570033D094 /* NotificationsRepository.swift */ = {isa = PBXFileReference; lastKnownFileType = sourcecode.swift; path = NotificationsRepository.swift; sourceTree = "<group>"; };
		3D9CE49E2CF11DA20033D094 /* NotificationBO.swift */ = {isa = PBXFileReference; lastKnownFileType = sourcecode.swift; path = NotificationBO.swift; sourceTree = "<group>"; };
		3D9CE4A02CF11E080033D094 /* NotificationRepositoryImpl.swift */ = {isa = PBXFileReference; lastKnownFileType = sourcecode.swift; path = NotificationRepositoryImpl.swift; sourceTree = "<group>"; };
		3D9CE4A22CF11E400033D094 /* NotificationMapper.swift */ = {isa = PBXFileReference; lastKnownFileType = sourcecode.swift; path = NotificationMapper.swift; sourceTree = "<group>"; };
		3D9CE4A42CF11FFF0033D094 /* FetchNotificationsUseCase.swift */ = {isa = PBXFileReference; lastKnownFileType = sourcecode.swift; path = FetchNotificationsUseCase.swift; sourceTree = "<group>"; };
		3D9CE4A62CF120130033D094 /* DeleteNotificationUseCase.swift */ = {isa = PBXFileReference; lastKnownFileType = sourcecode.swift; path = DeleteNotificationUseCase.swift; sourceTree = "<group>"; };
		3DA3D84A2CEFB5C800E00176 /* ShareActivityView.swift */ = {isa = PBXFileReference; lastKnownFileType = sourcecode.swift; path = ShareActivityView.swift; sourceTree = "<group>"; };
		3DA3D84C2CEFCDC900E00176 /* FollowUserUseCase.swift */ = {isa = PBXFileReference; lastKnownFileType = sourcecode.swift; path = FollowUserUseCase.swift; sourceTree = "<group>"; };
		3DB436962C62A86A00646502 /* Timestamp.swift */ = {isa = PBXFileReference; lastKnownFileType = sourcecode.swift; path = Timestamp.swift; sourceTree = "<group>"; };
		3DF5D4CB2C46FA3E00103F4B /* Threads.app */ = {isa = PBXFileReference; explicitFileType = wrapper.application; includeInIndex = 0; path = Threads.app; sourceTree = BUILT_PRODUCTS_DIR; };
		3DF5D4CE2C46FA3E00103F4B /* ThreadsApp.swift */ = {isa = PBXFileReference; lastKnownFileType = sourcecode.swift; path = ThreadsApp.swift; sourceTree = "<group>"; };
		3DF5D4D22C46FA4000103F4B /* Assets.xcassets */ = {isa = PBXFileReference; lastKnownFileType = folder.assetcatalog; path = Assets.xcassets; sourceTree = "<group>"; };
		3DF5D4D52C46FA4000103F4B /* Preview Assets.xcassets */ = {isa = PBXFileReference; lastKnownFileType = folder.assetcatalog; path = "Preview Assets.xcassets"; sourceTree = "<group>"; };
		E1F651692EE01BC400EFA68D /* GoogleService-Info.plist */ = {isa = PBXFileReference; lastKnownFileType = text.plist.xml; path = "GoogleService-Info.plist"; sourceTree = "<group>"; };
		3DF99F8539F1A01B0064A1A928D /* GoalBO.swift */ = {isa = PBXFileReference; lastKnownFileType = sourcecode.swift; path = GoalBO.swift; sourceTree = "<group>"; };
		3D4DA56E316A00830064AF04D43 /* CreateGoalBO.swift */ = {isa = PBXFileReference; lastKnownFileType = sourcecode.swift; path = CreateGoalBO.swift; sourceTree = "<group>"; };
		3DD3CAAFB765EC170064AC58536 /* ProgressUpdateBO.swift */ = {isa = PBXFileReference; lastKnownFileType = sourcecode.swift; path = ProgressUpdateBO.swift; sourceTree = "<group>"; };
		3D42BD5629112BAC0064A8B3BC6 /* CreateProgressUpdateBO.swift */ = {isa = PBXFileReference; lastKnownFileType = sourcecode.swift; path = CreateProgressUpdateBO.swift; sourceTree = "<group>"; };
		3D4B3890821EA0190064A4A4B5E /* GoalDTO.swift */ = {isa = PBXFileReference; lastKnownFileType = sourcecode.swift; path = GoalDTO.swift; sourceTree = "<group>"; };
		3D0CEDE839F48CC80064A0A3D65 /* CreateGoalDTO.swift */ = {isa = PBXFileReference; lastKnownFileType = sourcecode.swift; path = CreateGoalDTO.swift; sourceTree = "<group>"; };
		3DECA2CB366318260064A1AB263 /* ProgressUpdateDTO.swift */ = {isa = PBXFileReference; lastKnownFileType = sourcecode.swift; path = ProgressUpdateDTO.swift; sourceTree = "<group>"; };
		3D03320FCCCF6ACB0064A73FFEA /* CreateProgressUpdateDTO.swift */ = {isa = PBXFileReference; lastKnownFileType = sourcecode.swift; path = CreateProgressUpdateDTO.swift; sourceTree = "<group>"; };
		3D0BA456B622BC950064A91A459 /* CreateGoalDTO+Dictionary.swift */ = {isa = PBXFileReference; lastKnownFileType = sourcecode.swift; path = "CreateGoalDTO+Dictionary.swift"; sourceTree = "<group>"; };
		3DFC2A4FAEDC91EC0064A07C171 /* CreateProgressUpdateDTO+Dictionary.swift */ = {isa = PBXFileReference; lastKnownFileType = sourcecode.swift; path = "CreateProgressUpdateDTO+Dictionary.swift"; sourceTree = "<group>"; };
		3D7848FA050EAB870064AF9A41C /* GoalDataSource.swift */ = {isa = PBXFileReference; lastKnownFileType = sourcecode.swift; path = GoalDataSource.swift; sourceTree = "<group>"; };
		3DA12873C8C338B20064A50A5D0 /* ProgressUpdateDataSource.swift */ = {isa = PBXFileReference; lastKnownFileType = sourcecode.swift; path = ProgressUpdateDataSource.swift; sourceTree = "<group>"; };
		3DE550DCF1EC563D0064AD93620 /* FirestoreGoalDataSourceImpl.swift */ = {isa = PBXFileReference; lastKnownFileType = sourcecode.swift; path = FirestoreGoalDataSourceImpl.swift; sourceTree = "<group>"; };
		3D528D705994C4B40064A4CB9C9 /* FirestoreProgressUpdateDataSourceImpl.swift */ = {isa = PBXFileReference; lastKnownFileType = sourcecode.swift; path = FirestoreProgressUpdateDataSourceImpl.swift; sourceTree = "<group>"; };
		3D0CCD1EC37268470064A901E65 /* GoalMapper.swift */ = {isa = PBXFileReference; lastKnownFileType = sourcecode.swift; path = GoalMapper.swift; sourceTree = "<group>"; };
		3DCEF2710734BFD70064A1DD45B /* CreateGoalMapper.swift */ = {isa = PBXFileReference; lastKnownFileType = sourcecode.swift; path = CreateGoalMapper.swift; sourceTree = "<group>"; };
		3DB7885F6267AD200064AFB6EA2 /* ProgressUpdateMapper.swift */ = {isa = PBXFileReference; lastKnownFileType = sourcecode.swift; path = ProgressUpdateMapper.swift; sourceTree = "<group>"; };
		3D8B27272B07CDAC0064A284E20 /* CreateProgressUpdateMapper.swift */ = {isa = PBXFileReference; lastKnownFileType = sourcecode.swift; path = CreateProgressUpdateMapper.swift; sourceTree = "<group>"; };
		3D68C2DCE591D5D70064A730D64 /* GoalRepository.swift */ = {isa = PBXFileReference; lastKnownFileType = sourcecode.swift; path = GoalRepository.swift; sourceTree = "<group>"; };
		3D67B4E5003898B80064A23168A /* ProgressUpdateRepository.swift */ = {isa = PBXFileReference; lastKnownFileType = sourcecode.swift; path = ProgressUpdateRepository.swift; sourceTree = "<group>"; };
		3D148DF3B0EC81600064AF9637F /* GoalRepositoryImpl.swift */ = {isa = PBXFileReference; lastKnownFileType = sourcecode.swift; path = GoalRepositoryImpl.swift; sourceTree = "<group>"; };
		3DAD1BE120F6C7020064AC2D944 /* ProgressUpdateRepositoryImpl.swift */ = {isa = PBXFileReference; lastKnownFileType = sourcecode.swift; path = ProgressUpdateRepositoryImpl.swift; sourceTree = "<group>"; };
		3DD002408C8657DF0064ABCF948 /* CreateGoalUseCase.swift */ = {isa = PBXFileReference; lastKnownFileType = sourcecode.swift; path = CreateGoalUseCase.swift; sourceTree = "<group>"; };
		3D631061156F51C60064A9DA865 /* FetchUserGoalsUseCase.swift */ = {isa = PBXFileReference; lastKnownFileType = sourcecode.swift; path = FetchUserGoalsUseCase.swift; sourceTree = "<group>"; };
		3DD6E115855949F90064AB3563D /* FetchOwnGoalsUseCase.swift */ = {isa = PBXFileReference; lastKnownFileType = sourcecode.swift; path = FetchOwnGoalsUseCase.swift; sourceTree = "<group>"; };
		3D51C43812AB0F410064A0D64DD /* DeleteGoalUseCase.swift */ = {isa = PBXFileReference; lastKnownFileType = sourcecode.swift; path = DeleteGoalUseCase.swift; sourceTree = "<group>"; };
		3DEF31E142E9EF970064A1457E8 /* FetchProgressUpdatesByGoalUseCase.swift */ = {isa = PBXFileReference; lastKnownFileType = sourcecode.swift; path = FetchProgressUpdatesByGoalUseCase.swift; sourceTree = "<group>"; };
		3DF5F2AE865289880064AE153EB /* FetchFeedUpdatesUseCase.swift */ = {isa = PBXFileReference; lastKnownFileType = sourcecode.swift; path = FetchFeedUpdatesUseCase.swift; sourceTree = "<group>"; };
		3D457A2CEBEDB9570064AF1C1D7 /* CreateProgressUpdateUseCase.swift */ = {isa = PBXFileReference; lastKnownFileType = sourcecode.swift; path = CreateProgressUpdateUseCase.swift; sourceTree = "<group>"; };
		3DD6DCE6B5D073C80064A2612B3 /* LikeProgressUpdateUseCase.swift */ = {isa = PBXFileReference; lastKnownFileType = sourcecode.swift; path = LikeProgressUpdateUseCase.swift; sourceTree = "<group>"; };
		3D5250A5A28C7A280064A7821D1 /* CreateGoalViewModel.swift */ = {isa = PBXFileReference; lastKnownFileType = sourcecode.swift; path = CreateGoalViewModel.swift; sourceTree = "<group>"; };
		3D21DE304492452C0064ADB9446 /* GoalDetailViewModel.swift */ = {isa = PBXFileReference; lastKnownFileType = sourcecode.swift; path = GoalDetailViewModel.swift; sourceTree = "<group>"; };
		3DEE5553309814DC0064AF630BB /* CreateProgressUpdateViewModel.swift */ = {isa = PBXFileReference; lastKnownFileType = sourcecode.swift; path = CreateProgressUpdateViewModel.swift; sourceTree = "<group>"; };
		3D5FB506C47262F90064A487943 /* UserGoalsListViewModel.swift */ = {isa = PBXFileReference; lastKnownFileType = sourcecode.swift; path = UserGoalsListViewModel.swift; sourceTree = "<group>"; };
		3D931D975EBDE8C00064A435DD6 /* BaseProgressUpdateActionsViewModel.swift */ = {isa = PBXFileReference; lastKnownFileType = sourcecode.swift; path = BaseProgressUpdateActionsViewModel.swift; sourceTree = "<group>"; };
		3D7B96494C4B2F020064A3AC5B6 /* GoalCard.swift */ = {isa = PBXFileReference; lastKnownFileType = sourcecode.swift; path = GoalCard.swift; sourceTree = "<group>"; };
		3DE973C4EDD9F81D0064AA4340F /* CreateGoalView.swift */ = {isa = PBXFileReference; lastKnownFileType = sourcecode.swift; path = CreateGoalView.swift; sourceTree = "<group>"; };
		3DC9C9E49C9B249C0064A0C8B77 /* GoalDetailView.swift */ = {isa = PBXFileReference; lastKnownFileType = sourcecode.swift; path = GoalDetailView.swift; sourceTree = "<group>"; };
		3D56C1A4A42275180064A6B1E91 /* GoalPickerSheet.swift */ = {isa = PBXFileReference; lastKnownFileType = sourcecode.swift; path = GoalPickerSheet.swift; sourceTree = "<group>"; };
		3D6B4ECC95A969400064A99F4F0 /* CreateProgressUpdateView.swift */ = {isa = PBXFileReference; lastKnownFileType = sourcecode.swift; path = CreateProgressUpdateView.swift; sourceTree = "<group>"; };
		3DA9BB9DB623A1060064A285B71 /* ProgressUpdateCell.swift */ = {isa = PBXFileReference; lastKnownFileType = sourcecode.swift; path = ProgressUpdateCell.swift; sourceTree = "<group>"; };
		3D8160E7DC81BE7C0064A44C5F4 /* UserGoalsListView.swift */ = {isa = PBXFileReference; lastKnownFileType = sourcecode.swift; path = UserGoalsListView.swift; sourceTree = "<group>"; };
/* End PBXFileReference section */

/* Begin PBXFrameworksBuildPhase section */
		3DF5D4C82C46FA3E00103F4B /* Frameworks */ = {
			isa = PBXFrameworksBuildPhase;
			buildActionMask = 2147483647;
			files = (
				3D6512A62C4AD63100EC40EE /* FirebaseAuth in Frameworks */,
				3D6512AC2C4AD63100EC40EE /* FirebaseStorage in Frameworks */,
				3D6512A82C4AD63100EC40EE /* FirebaseFirestore in Frameworks */,
				3D976B5D2CF1FAE5008AE29A /* SwipeActions in Frameworks */,
				3D7F54D42CDD5A7600D1CF50 /* Factory in Frameworks */,
				3D6512AA2C4AD63100EC40EE /* FirebaseFirestoreSwift in Frameworks */,
				3D885E0A2C4D017700A3BE3A /* Kingfisher in Frameworks */,
			);
			runOnlyForDeploymentPostprocessing = 0;
		};
/* End PBXFrameworksBuildPhase section */

/* Begin PBXGroup section */
		3D151F8D2CEBCFE2009FD4A0 /* UserProfile */ = {
			isa = PBXGroup;
			children = (
				3D151F8F2CEBD066009FD4A0 /* Components */,
				3D3BF4072C497D410050BB92 /* ProfileView.swift */,
			);
			path = UserProfile;
			sourceTree = "<group>";
		};
		3D151F8F2CEBD066009FD4A0 /* Components */ = {
			isa = PBXGroup;
			children = (
				3D4413412C4C47A700D71E39 /* ProfileHeaderView.swift */,
				3D8160E7DC81BE7C0064A44C5F4 /* UserGoalsListView.swift */,
			);
			path = Components;
			sourceTree = "<group>";
		};
		3D34786F2CDFA25900BC2782 /* Core */ = {
			isa = PBXGroup;
			children = (
				3D3478702CDFA26400BC2782 /* ViewModifiers */,
				3D7F54D02CDD59AB00D1CF50 /* Components */,
			);
			path = Core;
			sourceTree = "<group>";
		};
		3D3478702CDFA26400BC2782 /* ViewModifiers */ = {
			isa = PBXGroup;
			children = (
				3D3BF3F02C4979BF0050BB92 /* ThreadsTextFieldModifier.swift */,
				3D34786D2CDFA01A00BC2782 /* LoadingAndErrorOverlayModifier.swift */,
			);
			path = ViewModifiers;
			sourceTree = "<group>";
		};
		3D65723E2CDE87770064A206 /* Extensions */ = {
			isa = PBXGroup;
			children = (
				3D65723F2CDE878A0064A206 /* CreateUserDTO+Dictionary.swift */,
				3D6572412CDE87E70064A206 /* UpdateUserDTO+Dictionary.swift */,
				3D0BA456B622BC950064A91A459 /* CreateGoalDTO+Dictionary.swift */,
				3DFC2A4FAEDC91EC0064A07C171 /* CreateProgressUpdateDTO+Dictionary.swift */,
			);
			path = Extensions;
			sourceTree = "<group>";
		};
		3D65726F2CDE95240064A206 /* Core */ = {
			isa = PBXGroup;
			children = (
				3D6572702CDE95310064A206 /* EventBus.swift */,
				3D70DFF72CDF6565009EE223 /* BaseViewModel.swift */,
				3D70DFF92CDF658C009EE223 /* BaseUserViewModel.swift */,
				3D931D975EBDE8C00064A435DD6 /* BaseProgressUpdateActionsViewModel.swift */,
			);
			path = Core;
			sourceTree = "<group>";
		};
		3D66849E2CEBB2CF009B1627 /* Explore */ = {
			isa = PBXGroup;
			children = (
				3D3BF3FB2C497CFD0050BB92 /* ExploreView.swift */,
			);
			path = Explore;
			sourceTree = "<group>";
		};
		3D66849F2CEBB531009B1627 /* ThreadCreation */ = {
			isa = PBXGroup;
			children = (
			);
			path = ThreadCreation;
			sourceTree = "<group>";
		};
		3D70DFFB2CDF668D009EE223 /* Main */ = {
			isa = PBXGroup;
			children = (
				3D70DFFC2CDF669F009EE223 /* MainView.swift */,
			);
			path = Main;
			sourceTree = "<group>";
		};
		3D70E0032CDF6793009EE223 /* Home */ = {
			isa = PBXGroup;
			children = (
				3D70E0042CDF679E009EE223 /* HomeView.swift */,
			);
			path = Home;
			sourceTree = "<group>";
		};
		3D70E0062CDF685A009EE223 /* SignIn */ = {
			isa = PBXGroup;
			children = (
				3D70E0082CDF686F009EE223 /* SignInView.swift */,
			);
			path = SignIn;
			sourceTree = "<group>";
		};
		3D70E0072CDF6861009EE223 /* SignUp */ = {
			isa = PBXGroup;
			children = (
				3D70E0102CDF6CB2009EE223 /* SignUpView.swift */,
			);
			path = SignUp;
			sourceTree = "<group>";
		};
		3D7F54C42CDD591900D1CF50 /* DI */ = {
			isa = PBXGroup;
			children = (
				3D65724F2CDE8D7B0064A206 /* Container.swift */,
			);
			path = DI;
			sourceTree = "<group>";
		};
		3D7F54C52CDD592300D1CF50 /* DataSources */ = {
			isa = PBXGroup;
			children = (
				3D65723E2CDE87770064A206 /* Extensions */,
				3D7F54C72CDD593A00D1CF50 /* Impl */,
				3D7F54C62CDD592F00D1CF50 /* DTO */,
				3D6572432CDE885F0064A206 /* UserDataSource.swift */,
				3D6572452CDE88A00064A206 /* AuthenticationDataSource.swift */,
				3D6572472CDE8C660064A206 /* StorageFilesDataSource.swift */,
				3D9CE4962CF11ABF0033D094 /* NotificationsDataSource.swift */,
				3D7848FA050EAB870064AF9A41C /* GoalDataSource.swift */,
				3DA12873C8C338B20064A50A5D0 /* ProgressUpdateDataSource.swift */,
			);
			path = DataSources;
			sourceTree = "<group>";
		};
		3D7F54C62CDD592F00D1CF50 /* DTO */ = {
			isa = PBXGroup;
			children = (
				3D6572382CDE86D90064A206 /* CreateUserDTO.swift */,
				3D65723A2CDE87180064A206 /* UpdateUserDTO.swift */,
				3D65723C2CDE87560064A206 /* UserDTO.swift */,
				3D9CE4982CF11AE70033D094 /* NotificationDTO.swift */,
				3D4B3890821EA0190064A4A4B5E /* GoalDTO.swift */,
				3D0CEDE839F48CC80064A0A3D65 /* CreateGoalDTO.swift */,
				3DECA2CB366318260064A1AB263 /* ProgressUpdateDTO.swift */,
				3D03320FCCCF6ACB0064A73FFEA /* CreateProgressUpdateDTO.swift */,
			);
			path = DTO;
			sourceTree = "<group>";
		};
		3D7F54C72CDD593A00D1CF50 /* Impl */ = {
			isa = PBXGroup;
			children = (
				3D6572492CDE8CAF0064A206 /* FirestoreStorageFilesDataSourceImpl.swift */,
				3D65724B2CDE8CF50064A206 /* FirebaseAuthenticationDataSourceImpl.swift */,
				3D65724D2CDE8D150064A206 /* FirestoreUserDataSourceImpl.swift */,
				3D9CE49A2CF11B3C0033D094 /* FirestoreNotificationsDataSourceImpl.swift */,
				3DE550DCF1EC563D0064AD93620 /* FirestoreGoalDataSourceImpl.swift */,
				3D528D705994C4B40064A4CB9C9 /* FirestoreProgressUpdateDataSourceImpl.swift */,
			);
			path = Impl;
			sourceTree = "<group>";
		};
		3D7F54CA2CDD596C00D1CF50 /* Mapper */ = {
			isa = PBXGroup;
			children = (
				3D7F54CB2CDD597500D1CF50 /* Impl */,
				3D6572532CDE8E4A0064A206 /* Mapper.swift */,
			);
			path = Mapper;
			sourceTree = "<group>";
		};
		3D7F54CB2CDD597500D1CF50 /* Impl */ = {
			isa = PBXGroup;
			children = (
				3D6572552CDE8E620064A206 /* UserMapper.swift */,
				3D9CE4A22CF11E400033D094 /* NotificationMapper.swift */,
				3D0CCD1EC37268470064A901E65 /* GoalMapper.swift */,
				3DCEF2710734BFD70064A1DD45B /* CreateGoalMapper.swift */,
				3DB7885F6267AD200064AFB6EA2 /* ProgressUpdateMapper.swift */,
				3D8B27272B07CDAC0064A284E20 /* CreateProgressUpdateMapper.swift */,
			);
			path = Impl;
			sourceTree = "<group>";
		};
		3D7F54CC2CDD598600D1CF50 /* Repositories */ = {
			isa = PBXGroup;
			children = (
				3D7F54CD2CDD598F00D1CF50 /* Impl */,
				3D65725B2CDE90B70064A206 /* UserProfileRepository.swift */,
				3D65725F2CDE92A70064A206 /* AuthenticationRepository.swift */,
				3D9CE49C2CF11D570033D094 /* NotificationsRepository.swift */,
				3D68C2DCE591D5D70064A730D64 /* GoalRepository.swift */,
				3D67B4E5003898B80064A23168A /* ProgressUpdateRepository.swift */,
			);
			path = Repositories;
			sourceTree = "<group>";
		};
		3D7F54CD2CDD598F00D1CF50 /* Impl */ = {
			isa = PBXGroup;
			children = (
				3D65725D2CDE912E0064A206 /* UserProfileRepositoryImpl.swift */,
				3D6572612CDE92CA0064A206 /* AuthenticationRepositoryImpl.swift */,
				3D9CE4A02CF11E080033D094 /* NotificationRepositoryImpl.swift */,
				3D148DF3B0EC81600064AF9637F /* GoalRepositoryImpl.swift */,
				3DAD1BE120F6C7020064AC2D944 /* ProgressUpdateRepositoryImpl.swift */,
			);
			path = Impl;
			sourceTree = "<group>";
		};
		3D7F54CE2CDD599600D1CF50 /* UseCases */ = {
			isa = PBXGroup;
			children = (
				3D6572632CDE92FA0064A206 /* SignOutUseCase.swift */,
				3D6572652CDE930E0064A206 /* SignUpUseCase.swift */,
				3D6572672CDE93D40064A206 /* VerifySessionUseCase.swift */,
				3D6572692CDE94070064A206 /* GetCurrentUserUseCase.swift */,
				3D65726B2CDE94490064A206 /* GetSuggestionsUseCase.swift */,
				3D65726D2CDE949E0064A206 /* UpdateUserUseCase.swift */,
				3D65728C2CDEABA30064A206 /* SignInUseCase.swift */,
				3D83F6712CEE65C3000C30AC /* ForgotPasswordUseCase.swift */,
				3DA3D84C2CEFCDC900E00176 /* FollowUserUseCase.swift */,
				3D9CE4942CF10D670033D094 /* SearchUsersUseCase.swift */,
				3D9CE4A42CF11FFF0033D094 /* FetchNotificationsUseCase.swift */,
				3D9CE4A62CF120130033D094 /* DeleteNotificationUseCase.swift */,
				3D976B5E2CF20B28008AE29A /* FetchUserConnectionsUseCase.swift */,
				3DD002408C8657DF0064ABCF948 /* CreateGoalUseCase.swift */,
				3D631061156F51C60064A9DA865 /* FetchUserGoalsUseCase.swift */,
				3DD6E115855949F90064AB3563D /* FetchOwnGoalsUseCase.swift */,
				3D51C43812AB0F410064A0D64DD /* DeleteGoalUseCase.swift */,
				3DEF31E142E9EF970064A1457E8 /* FetchProgressUpdatesByGoalUseCase.swift */,
				3DF5F2AE865289880064AE153EB /* FetchFeedUpdatesUseCase.swift */,
				3D457A2CEBEDB9570064AF1C1D7 /* CreateProgressUpdateUseCase.swift */,
				3DD6DCE6B5D073C80064A2612B3 /* LikeProgressUpdateUseCase.swift */,
			);
			path = UseCases;
			sourceTree = "<group>";
		};
		3D7F54CF2CDD59A500D1CF50 /* View */ = {
			isa = PBXGroup;
			children = (
				3D41E61A45CC8C3E0064A6F2EC3 /* Goal */,
				3D191CA3832F9FD20064A9C8F52 /* ProgressUpdate */,
				3D976B602CF20B92008AE29A /* Connections */,
				3D976B562CF1D521008AE29A /* Activity */,
				3D83F66C2CEE6331000C30AC /* ForgotPassword */,
				3D8BFBC72CED16D6000A386F /* EditProfile */,
				3D8BFBC62CED00E2000A386F /* Feed */,
				3D151F8D2CEBCFE2009FD4A0 /* UserProfile */,
				3D66849F2CEBB531009B1627 /* ThreadCreation */,
				3D66849E2CEBB2CF009B1627 /* Explore */,
				3D34786F2CDFA25900BC2782 /* Core */,
				3D70E0072CDF6861009EE223 /* SignUp */,
				3D70E0062CDF685A009EE223 /* SignIn */,
				3D70E0032CDF6793009EE223 /* Home */,
				3D70DFFB2CDF668D009EE223 /* Main */,
			);
			path = View;
			sourceTree = "<group>";
		};
		3D7F54D02CDD59AB00D1CF50 /* Components */ = {
			isa = PBXGroup;
			children = (
				3D70E0012CDF6729009EE223 /* LoadingView.swift */,
				3D3BF4102C49842B0050BB92 /* UserCell.swift */,
				3D3BF40E2C4983B90050BB92 /* CircularProfileImageView.swift */,
				3D70E0122CDF6F70009EE223 /* BackgroundImage.swift */,
				3D60DCEE2CDF86AA009BCE1A /* DeveloperCreditView.swift */,
				3D34786B2CDF937D00BC2782 /* SnackbarView.swift */,
				3DA3D84A2CEFB5C800E00176 /* ShareActivityView.swift */,
				3D976B592CF1DB7B008AE29A /* NotificationCell.swift */,
				3DA9BB9DB623A1060064A285B71 /* ProgressUpdateCell.swift */,
			);
			path = Components;
			sourceTree = "<group>";
		};
		3D7F54D12CDD59BA00D1CF50 /* ViewModel */ = {
			isa = PBXGroup;
			children = (
				3D65726F2CDE95240064A206 /* Core */,
				3D70DFFE2CDF66BE009EE223 /* MainViewModel.swift */,
				3D4413352C4C3FFE00D71E39 /* ExploreViewModel.swift */,
				3D885E042C4CF83600A3BE3A /* EditProfileViewModel.swift */,
				3D312D572C5C1478008F0B8D /* FeedViewModel.swift */,
				3D70E00C2CDF68E8009EE223 /* SignInViewModel.swift */,
				3D70E00E2CDF68F3009EE223 /* SignUpViewModel.swift */,
				3D66849C2CEBA8D1009B1627 /* HomeViewModel.swift */,
				3D151F902CEBD0FA009FD4A0 /* ProfileViewModel.swift */,
				3D83F66F2CEE6366000C30AC /* ForgotPasswordViewModel.swift */,
				3D976B572CF1D81B008AE29A /* ActivityViewModel.swift */,
				3D976B632CF20BAF008AE29A /* ConnectionsViewModel.swift */,
				3D5250A5A28C7A280064A7821D1 /* CreateGoalViewModel.swift */,
				3D21DE304492452C0064ADB9446 /* GoalDetailViewModel.swift */,
				3DEE5553309814DC0064AF630BB /* CreateProgressUpdateViewModel.swift */,
				3D5FB506C47262F90064A487943 /* UserGoalsListViewModel.swift */,
			);
			path = ViewModel;
			sourceTree = "<group>";
		};
		3D83F66C2CEE6331000C30AC /* ForgotPassword */ = {
			isa = PBXGroup;
			children = (
				3D83F66D2CEE6350000C30AC /* ForgotPasswordView.swift */,
			);
			path = ForgotPassword;
			sourceTree = "<group>";
		};
		3D8BFBC62CED00E2000A386F /* Feed */ = {
			isa = PBXGroup;
			children = (
				3D3BF3F72C497CE20050BB92 /* FeedView.swift */,
			);
			path = Feed;
			sourceTree = "<group>";
		};
		3D8BFBC72CED16D6000A386F /* EditProfile */ = {
			isa = PBXGroup;
			children = (
				3D3BF4172C498CDF0050BB92 /* EditProfileView.swift */,
			);
			path = EditProfile;
			sourceTree = "<group>";
		};
		3D976B562CF1D521008AE29A /* Activity */ = {
			isa = PBXGroup;
			children = (
				3D3BF4052C497D340050BB92 /* ActivityView.swift */,
			);
			path = Activity;
			sourceTree = "<group>";
		};
		3D976B602CF20B92008AE29A /* Connections */ = {
			isa = PBXGroup;
			children = (
				3D976B612CF20BA1008AE29A /* ConnectionsView.swift */,
			);
			path = Connections;
			sourceTree = "<group>";
		};
		3DF5D4C22C46FA3E00103F4B = {
			isa = PBXGroup;
			children = (
				3DF5D4CD2C46FA3E00103F4B /* Threads */,
				3DF5D4CC2C46FA3E00103F4B /* Products */,
			);
			sourceTree = "<group>";
		};
		3DF5D4CC2C46FA3E00103F4B /* Products */ = {
			isa = PBXGroup;
			children = (
				3DF5D4CB2C46FA3E00103F4B /* Threads.app */,
			);
			name = Products;
			sourceTree = "<group>";
		};
		3DF5D4CD2C46FA3E00103F4B /* Threads */ = {
			isa = PBXGroup;
			children = (
				3D7F54C42CDD591900D1CF50 /* DI */,
				3DF5D4DF2C46FAA800103F4B /* Model */,
				3D7F54C52CDD592300D1CF50 /* DataSources */,
				3D7F54CA2CDD596C00D1CF50 /* Mapper */,
				3D7F54CC2CDD598600D1CF50 /* Repositories */,
				3D7F54CE2CDD599600D1CF50 /* UseCases */,
				3D7F54D12CDD59BA00D1CF50 /* ViewModel */,
				3D7F54CF2CDD59A500D1CF50 /* View */,
				3DF5D4DC2C46FA9300103F4B /* App */,
				3DF5D4DE2C46FAA000103F4B /* Extensions */,
				3DF5D4D22C46FA4000103F4B /* Assets.xcassets */,
				3D60DCF02CDF8748009BCE1A /* Launch Screen.storyboard */,
				3D6512A22C4AD59E00EC40EE /* GoogleService-Info.plist */,
				3DF5D4D42C46FA4000103F4B /* Preview Content */,
				E1F651692EE01BC400EFA68D /* GoogleService-Info.plist */,
			);
			path = Threads;
			sourceTree = "<group>";
		};
		3DF5D4D42C46FA4000103F4B /* Preview Content */ = {
			isa = PBXGroup;
			children = (
				3DF5D4D52C46FA4000103F4B /* Preview Assets.xcassets */,
			);
			path = "Preview Content";
			sourceTree = "<group>";
		};
		3DF5D4DC2C46FA9300103F4B /* App */ = {
			isa = PBXGroup;
			children = (
				3DF5D4CE2C46FA3E00103F4B /* ThreadsApp.swift */,
			);
			path = App;
			sourceTree = "<group>";
		};
		3DF5D4DE2C46FAA000103F4B /* Extensions */ = {
			isa = PBXGroup;
			children = (
				3D4413372C4C417100D71E39 /* PreviewProvider.swift */,
				3DB436962C62A86A00646502 /* Timestamp.swift */,
			);
			path = Extensions;
			sourceTree = "<group>";
		};
		3DF5D4DF2C46FAA800103F4B /* Model */ = {
			isa = PBXGroup;
			children = (
				3D44132D2C4C344B00D71E39 /* UserBO.swift */,
				3D8BFBC82CED1AE5000A386F /* CreateUserBO.swift */,
				3D8BFBCA2CED1AF3000A386F /* UpdateUserBO.swift */,
				3D9CE49E2CF11DA20033D094 /* NotificationBO.swift */,
				3DF99F8539F1A01B0064A1A928D /* GoalBO.swift */,
				3D4DA56E316A00830064AF04D43 /* CreateGoalBO.swift */,
				3DD3CAAFB765EC170064AC58536 /* ProgressUpdateBO.swift */,
				3D42BD5629112BAC0064A8B3BC6 /* CreateProgressUpdateBO.swift */,
			);
			path = Model;
			sourceTree = "<group>";
		};
	3D41E61A45CC8C3E0064A6F2EC3 /* Goal */ = {
		isa = PBXGroup;
		children = (
			3D7B96494C4B2F020064A3AC5B6 /* GoalCard.swift */,
			3DE973C4EDD9F81D0064AA4340F /* CreateGoalView.swift */,
			3DC9C9E49C9B249C0064A0C8B77 /* GoalDetailView.swift */,
			3D56C1A4A42275180064A6B1E91 /* GoalPickerSheet.swift */,
		);
		path = Goal;
		sourceTree = "<group>";
	};
	3D191CA3832F9FD20064A9C8F52 /* ProgressUpdate */ = {
		isa = PBXGroup;
		children = (
			3D6B4ECC95A969400064A99F4F0 /* CreateProgressUpdateView.swift */,
		);
		path = ProgressUpdate;
		sourceTree = "<group>";
	};
/* End PBXGroup section */

/* Begin PBXNativeTarget section */
		3DF5D4CA2C46FA3E00103F4B /* Threads */ = {
			isa = PBXNativeTarget;
			buildConfigurationList = 3DF5D4D92C46FA4000103F4B /* Build configuration list for PBXNativeTarget "Threads" */;
			buildPhases = (
				3DF5D4C72C46FA3E00103F4B /* Sources */,
				3DF5D4C82C46FA3E00103F4B /* Frameworks */,
				3DF5D4C92C46FA3E00103F4B /* Resources */,
			);
			buildRules = (
			);
			dependencies = (
			);
			name = Threads;
			packageProductDependencies = (
				3D6512A52C4AD63100EC40EE /* FirebaseAuth */,
				3D6512A72C4AD63100EC40EE /* FirebaseFirestore */,
				3D6512A92C4AD63100EC40EE /* FirebaseFirestoreSwift */,
				3D6512AB2C4AD63100EC40EE /* FirebaseStorage */,
				3D885E092C4D017700A3BE3A /* Kingfisher */,
				3D7F54D32CDD5A7600D1CF50 /* Factory */,
				3D976B5C2CF1FAE5008AE29A /* SwipeActions */,
			);
			productName = Threads;
			productReference = 3DF5D4CB2C46FA3E00103F4B /* Threads.app */;
			productType = "com.apple.product-type.application";
		};
/* End PBXNativeTarget section */

/* Begin PBXProject section */
		3DF5D4C32C46FA3E00103F4B /* Project object */ = {
			isa = PBXProject;
			attributes = {
				BuildIndependentTargetsInParallel = 1;
				LastSwiftUpdateCheck = 1430;
				LastUpgradeCheck = 1640;
				TargetAttributes = {
					3DF5D4CA2C46FA3E00103F4B = {
						CreatedOnToolsVersion = 14.3.1;
					};
				};
			};
			buildConfigurationList = 3DF5D4C62C46FA3E00103F4B /* Build configuration list for PBXProject "Threads" */;
			compatibilityVersion = "Xcode 14.0";
			developmentRegion = en;
			hasScannedForEncodings = 0;
			knownRegions = (
				en,
				Base,
			);
			mainGroup = 3DF5D4C22C46FA3E00103F4B;
			packageReferences = (
				3D6512A42C4AD63100EC40EE /* XCRemoteSwiftPackageReference "firebase-ios-sdk" */,
				3D885E082C4D017700A3BE3A /* XCRemoteSwiftPackageReference "Kingfisher" */,
				3D7F54D22CDD5A7600D1CF50 /* XCRemoteSwiftPackageReference "Factory" */,
				3D976B5B2CF1FAE5008AE29A /* XCRemoteSwiftPackageReference "SwipeActions" */,
			);
			productRefGroup = 3DF5D4CC2C46FA3E00103F4B /* Products */;
			projectDirPath = "";
			projectRoot = "";
			targets = (
				3DF5D4CA2C46FA3E00103F4B /* Threads */,
			);
		};
/* End PBXProject section */

/* Begin PBXResourcesBuildPhase section */
		3DF5D4C92C46FA3E00103F4B /* Resources */ = {
			isa = PBXResourcesBuildPhase;
			buildActionMask = 2147483647;
			files = (
				3DF5D4D62C46FA4000103F4B /* Preview Assets.xcassets in Resources */,
				3DF5D4D32C46FA4000103F4B /* Assets.xcassets in Resources */,
				E1F6516A2EE01BC400EFA68D /* GoogleService-Info.plist in Resources */,
				3D60DCF12CDF8748009BCE1A /* Launch Screen.storyboard in Resources */,
			);
			runOnlyForDeploymentPostprocessing = 0;
		};
/* End PBXResourcesBuildPhase section */

/* Begin PBXSourcesBuildPhase section */
		3DF5D4C72C46FA3E00103F4B /* Sources */ = {
			isa = PBXSourcesBuildPhase;
			buildActionMask = 2147483647;
			files = (
				3D976B5F2CF20B28008AE29A /* FetchUserConnectionsUseCase.swift in Sources */,
				3D65724C2CDE8CF50064A206 /* FirebaseAuthenticationDataSourceImpl.swift in Sources */,
				3D60DCEF2CDF86AA009BCE1A /* DeveloperCreditView.swift in Sources */,
				3D70E00D2CDF68E8009EE223 /* SignInViewModel.swift in Sources */,
				3D9CE4A72CF120130033D094 /* DeleteNotificationUseCase.swift in Sources */,
				3D976B642CF20BAF008AE29A /* ConnectionsViewModel.swift in Sources */,
				3D151F912CEBD0FA009FD4A0 /* ProfileViewModel.swift in Sources */,
				3D9CE4952CF10D670033D094 /* SearchUsersUseCase.swift in Sources */,
				3D70DFFF2CDF66BE009EE223 /* MainViewModel.swift in Sources */,
				3D6572542CDE8E4A0064A206 /* Mapper.swift in Sources */,
				3D3BF3F82C497CE20050BB92 /* FeedView.swift in Sources */,
				3D6572682CDE93D40064A206 /* VerifySessionUseCase.swift in Sources */,
				3D8BFBC92CED1AE5000A386F /* CreateUserBO.swift in Sources */,
				3D70E0092CDF686F009EE223 /* SignInView.swift in Sources */,
				3D6572392CDE86D90064A206 /* CreateUserDTO.swift in Sources */,
				3D65724A2CDE8CAF0064A206 /* FirestoreStorageFilesDataSourceImpl.swift in Sources */,
				3D70E0052CDF679E009EE223 /* HomeView.swift in Sources */,
				3DB436972C62A86A00646502 /* Timestamp.swift in Sources */,
				3D65724E2CDE8D150064A206 /* FirestoreUserDataSourceImpl.swift in Sources */,
				3D885E052C4CF83600A3BE3A /* EditProfileViewModel.swift in Sources */,
				3D4413382C4C417100D71E39 /* PreviewProvider.swift in Sources */,
				3D70E0132CDF6F70009EE223 /* BackgroundImage.swift in Sources */,
				3D9CE4A52CF11FFF0033D094 /* FetchNotificationsUseCase.swift in Sources */,
				3D6572502CDE8D7C0064A206 /* Container.swift in Sources */,
				3D3BF4182C498CDF0050BB92 /* EditProfileView.swift in Sources */,
				3D6572442CDE885F0064A206 /* UserDataSource.swift in Sources */,
				3D9CE4A32CF11E400033D094 /* NotificationMapper.swift in Sources */,
				3D65723B2CDE87180064A206 /* UpdateUserDTO.swift in Sources */,
				3D9CE4A12CF11E080033D094 /* NotificationRepositoryImpl.swift in Sources */,
				3D6572712CDE95310064A206 /* EventBus.swift in Sources */,
				3D34786E2CDFA01A00BC2782 /* LoadingAndErrorOverlayModifier.swift in Sources */,
				3D70DFFD2CDF669F009EE223 /* MainView.swift in Sources */,
				3D4413422C4C47A700D71E39 /* ProfileHeaderView.swift in Sources */,
				3D70E0112CDF6CB2009EE223 /* SignUpView.swift in Sources */,
				3D976B5A2CF1DB7B008AE29A /* NotificationCell.swift in Sources */,
				3D65725C2CDE90B70064A206 /* UserProfileRepository.swift in Sources */,
				3D70E00F2CDF68F3009EE223 /* SignUpViewModel.swift in Sources */,
				3D65723D2CDE87560064A206 /* UserDTO.swift in Sources */,
				3D9CE49F2CF11DA20033D094 /* NotificationBO.swift in Sources */,
				3D6572622CDE92CA0064A206 /* AuthenticationRepositoryImpl.swift in Sources */,
				3D70DFFA2CDF658C009EE223 /* BaseUserViewModel.swift in Sources */,
				3D9CE4972CF11ABF0033D094 /* NotificationsDataSource.swift in Sources */,
				3D6572402CDE878A0064A206 /* CreateUserDTO+Dictionary.swift in Sources */,
				3D65728D2CDEABA30064A206 /* SignInUseCase.swift in Sources */,
				3D6572482CDE8C660064A206 /* StorageFilesDataSource.swift in Sources */,
				3D6572462CDE88A00064A206 /* AuthenticationDataSource.swift in Sources */,
				3D6572562CDE8E620064A206 /* UserMapper.swift in Sources */,
				3D976B582CF1D81B008AE29A /* ActivityViewModel.swift in Sources */,
				3D3BF40F2C4983B90050BB92 /* CircularProfileImageView.swift in Sources */,
				3D65726A2CDE94070064A206 /* GetCurrentUserUseCase.swift in Sources */,
				3D65725E2CDE912E0064A206 /* UserProfileRepositoryImpl.swift in Sources */,
				3D8BFBCB2CED1AF3000A386F /* UpdateUserBO.swift in Sources */,
				3D9CE4992CF11AE70033D094 /* NotificationDTO.swift in Sources */,
				3D9CE49B2CF11B3C0033D094 /* FirestoreNotificationsDataSourceImpl.swift in Sources */,
				3D83F66E2CEE6350000C30AC /* ForgotPasswordView.swift in Sources */,
				3D3BF4112C49842B0050BB92 /* UserCell.swift in Sources */,
				3DA3D84B2CEFB5C800E00176 /* ShareActivityView.swift in Sources */,
				3D312D582C5C1478008F0B8D /* FeedViewModel.swift in Sources */,
				3D6572642CDE92FA0064A206 /* SignOutUseCase.swift in Sources */,
				3D4413362C4C3FFE00D71E39 /* ExploreViewModel.swift in Sources */,
				3D34786C2CDF937D00BC2782 /* SnackbarView.swift in Sources */,
				3D66849D2CEBA8D1009B1627 /* HomeViewModel.swift in Sources */,
				3DA3D84D2CEFCDC900E00176 /* FollowUserUseCase.swift in Sources */,
				3D83F6702CEE6366000C30AC /* ForgotPasswordViewModel.swift in Sources */,
				3D83F6722CEE65C3000C30AC /* ForgotPasswordUseCase.swift in Sources */,
				3D9CE49D2CF11D570033D094 /* NotificationsRepository.swift in Sources */,
				3D70DFF82CDF6565009EE223 /* BaseViewModel.swift in Sources */,
				3D65726E2CDE949E0064A206 /* UpdateUserUseCase.swift in Sources */,
				3D6572602CDE92A70064A206 /* AuthenticationRepository.swift in Sources */,
				3D70E0022CDF6729009EE223 /* LoadingView.swift in Sources */,
				3D6572662CDE930E0064A206 /* SignUpUseCase.swift in Sources */,
				3D3BF4062C497D340050BB92 /* ActivityView.swift in Sources */,
				3D65726C2CDE94490064A206 /* GetSuggestionsUseCase.swift in Sources */,
				3D6572422CDE87E70064A206 /* UpdateUserDTO+Dictionary.swift in Sources */,
				3D976B622CF20BA1008AE29A /* ConnectionsView.swift in Sources */,
				3D3BF3F12C4979BF0050BB92 /* ThreadsTextFieldModifier.swift in Sources */,
				3DF5D4CF2C46FA3E00103F4B /* ThreadsApp.swift in Sources */,
				3D3BF3FC2C497CFD0050BB92 /* ExploreView.swift in Sources */,
				3D3BF4082C497D410050BB92 /* ProfileView.swift in Sources */,
				3D44132E2C4C344B00D71E39 /* UserBO.swift in Sources */,
				3D4CFA9913F6D4110064AD8B655 /* GoalBO.swift in Sources */,
				3D5AD6EA6A749E6F0064AC16CA6 /* CreateGoalBO.swift in Sources */,
				3D8C1C995CF862C50064A58A4B7 /* ProgressUpdateBO.swift in Sources */,
				3DD7DB89A62285C90064AE85759 /* CreateProgressUpdateBO.swift in Sources */,
				3D5B577FFE4E57F10064AECCE6C /* GoalDTO.swift in Sources */,
				3D68FB3C3C6F4A2C0064AC19579 /* CreateGoalDTO.swift in Sources */,
				3D8658875D0B60430064AC4191C /* ProgressUpdateDTO.swift in Sources */,
				3D36C83CA088AF440064A94571F /* CreateProgressUpdateDTO.swift in Sources */,
				3D6C79AA63D581190064A61023F /* CreateGoalDTO+Dictionary.swift in Sources */,
				3D49B852DB80D2190064ACA8543 /* CreateProgressUpdateDTO+Dictionary.swift in Sources */,
				3D62362049D4985B0064AC40228 /* GoalDataSource.swift in Sources */,
				3DA6502D3BA825030064A89C47E /* ProgressUpdateDataSource.swift in Sources */,
				3D284F60166206EE0064A837A8A /* FirestoreGoalDataSourceImpl.swift in Sources */,
				3DF55950E3B604220064A8890C9 /* FirestoreProgressUpdateDataSourceImpl.swift in Sources */,
				3D58CDD9CB6F04930064AC5C764 /* GoalMapper.swift in Sources */,
				3D974EDA59FE6D490064AE7720E /* CreateGoalMapper.swift in Sources */,
				3D1FA671ABF1E31A0064A8D30A5 /* ProgressUpdateMapper.swift in Sources */,
				3D3102BACC0CA1F10064AFE2B05 /* CreateProgressUpdateMapper.swift in Sources */,
				3D4B448403DDEA360064AA49B14 /* GoalRepository.swift in Sources */,
				3DCA8026BA9F7D110064AA51C2D /* ProgressUpdateRepository.swift in Sources */,
				3D253E22EBD6D5B90064AC25004 /* GoalRepositoryImpl.swift in Sources */,
				3D2E10EB8DEFF4A90064A4E04F5 /* ProgressUpdateRepositoryImpl.swift in Sources */,
				3DE167A80B780FBD0064A9DA244 /* CreateGoalUseCase.swift in Sources */,
				3DFC3B4F2B53BAFF0064A4129E4 /* FetchUserGoalsUseCase.swift in Sources */,
				3D3488DA472737190064A412837 /* FetchOwnGoalsUseCase.swift in Sources */,
				3DAC3B4B56B646790064AC7A55A /* DeleteGoalUseCase.swift in Sources */,
				3DEFC87326996F6C0064AA8293C /* FetchProgressUpdatesByGoalUseCase.swift in Sources */,
				3D6E5FE89F2EA7A30064A77C0DD /* FetchFeedUpdatesUseCase.swift in Sources */,
				3D80048F5D6BF57B0064A4F0242 /* CreateProgressUpdateUseCase.swift in Sources */,
				3D5023C79B0A5B0A0064AB4A590 /* LikeProgressUpdateUseCase.swift in Sources */,
				3D75459E9A3566600064AEC0E64 /* CreateGoalViewModel.swift in Sources */,
				3D6D91C1792F66860064A6AAAAD /* GoalDetailViewModel.swift in Sources */,
				3D163503CCB4B8100064A87ABDC /* CreateProgressUpdateViewModel.swift in Sources */,
				3D31E361F3095EB40064A904021 /* UserGoalsListViewModel.swift in Sources */,
				3D46B53835BCD3FA0064A8859A5 /* BaseProgressUpdateActionsViewModel.swift in Sources */,
				3D8B7C38ACCD76DD0064AAF093D /* GoalCard.swift in Sources */,
				3D46920E9A99DF120064A5B18BE /* CreateGoalView.swift in Sources */,
				3D265B3DD3E6B21C0064ABD2E2F /* GoalDetailView.swift in Sources */,
				3D95889A5496194C0064A12E32A /* GoalPickerSheet.swift in Sources */,
				3D419F25AAC44BAB0064A0F3EE4 /* CreateProgressUpdateView.swift in Sources */,
				3DA98754EB17CB810064A3C9A83 /* ProgressUpdateCell.swift in Sources */,
				3DD1DFA46AEB8BCA0064A263EB8 /* UserGoalsListView.swift in Sources */,
			);
			runOnlyForDeploymentPostprocessing = 0;
		};
/* End PBXSourcesBuildPhase section */

/* Begin XCBuildConfiguration section */
		3DF5D4D72C46FA4000103F4B /* Debug */ = {
			isa = XCBuildConfiguration;
			buildSettings = {
				ALWAYS_SEARCH_USER_PATHS = NO;
				CLANG_ANALYZER_NONNULL = YES;
				CLANG_ANALYZER_NUMBER_OBJECT_CONVERSION = YES_AGGRESSIVE;
				CLANG_CXX_LANGUAGE_STANDARD = "gnu++20";
				CLANG_ENABLE_MODULES = YES;
				CLANG_ENABLE_OBJC_ARC = YES;
				CLANG_ENABLE_OBJC_WEAK = YES;
				CLANG_WARN_BLOCK_CAPTURE_AUTORELEASING = YES;
				CLANG_WARN_BOOL_CONVERSION = YES;
				CLANG_WARN_COMMA = YES;
				CLANG_WARN_CONSTANT_CONVERSION = YES;
				CLANG_WARN_DEPRECATED_OBJC_IMPLEMENTATIONS = YES;
				CLANG_WARN_DIRECT_OBJC_ISA_USAGE = YES_ERROR;
				CLANG_WARN_DOCUMENTATION_COMMENTS = YES;
				CLANG_WARN_EMPTY_BODY = YES;
				CLANG_WARN_ENUM_CONVERSION = YES;
				CLANG_WARN_INFINITE_RECURSION = YES;
				CLANG_WARN_INT_CONVERSION = YES;
				CLANG_WARN_NON_LITERAL_NULL_CONVERSION = YES;
				CLANG_WARN_OBJC_IMPLICIT_RETAIN_SELF = YES;
				CLANG_WARN_OBJC_LITERAL_CONVERSION = YES;
				CLANG_WARN_OBJC_ROOT_CLASS = YES_ERROR;
				CLANG_WARN_QUOTED_INCLUDE_IN_FRAMEWORK_HEADER = YES;
				CLANG_WARN_RANGE_LOOP_ANALYSIS = YES;
				CLANG_WARN_STRICT_PROTOTYPES = YES;
				CLANG_WARN_SUSPICIOUS_MOVE = YES;
				CLANG_WARN_UNGUARDED_AVAILABILITY = YES_AGGRESSIVE;
				CLANG_WARN_UNREACHABLE_CODE = YES;
				CLANG_WARN__DUPLICATE_METHOD_MATCH = YES;
				COPY_PHASE_STRIP = NO;
				DEBUG_INFORMATION_FORMAT = dwarf;
				DEVELOPMENT_TEAM = PX63F4TNY3;
				ENABLE_STRICT_OBJC_MSGSEND = YES;
				ENABLE_TESTABILITY = YES;
				ENABLE_USER_SCRIPT_SANDBOXING = YES;
				GCC_C_LANGUAGE_STANDARD = gnu11;
				GCC_DYNAMIC_NO_PIC = NO;
				GCC_NO_COMMON_BLOCKS = YES;
				GCC_OPTIMIZATION_LEVEL = 0;
				GCC_PREPROCESSOR_DEFINITIONS = (
					"DEBUG=1",
					"$(inherited)",
				);
				GCC_WARN_64_TO_32_BIT_CONVERSION = YES;
				GCC_WARN_ABOUT_RETURN_TYPE = YES_ERROR;
				GCC_WARN_UNDECLARED_SELECTOR = YES;
				GCC_WARN_UNINITIALIZED_AUTOS = YES_AGGRESSIVE;
				GCC_WARN_UNUSED_FUNCTION = YES;
				GCC_WARN_UNUSED_VARIABLE = YES;
				INFOPLIST_KEY_UILaunchScreen_Generation = NO;
				IPHONEOS_DEPLOYMENT_TARGET = 16.4;
				MTL_ENABLE_DEBUG_INFO = INCLUDE_SOURCE;
				MTL_FAST_MATH = YES;
				ONLY_ACTIVE_ARCH = YES;
				SDKROOT = iphoneos;
				SWIFT_ACTIVE_COMPILATION_CONDITIONS = DEBUG;
				SWIFT_OPTIMIZATION_LEVEL = "-Onone";
			};
			name = Debug;
		};
		3DF5D4D82C46FA4000103F4B /* Release */ = {
			isa = XCBuildConfiguration;
			buildSettings = {
				ALWAYS_SEARCH_USER_PATHS = NO;
				CLANG_ANALYZER_NONNULL = YES;
				CLANG_ANALYZER_NUMBER_OBJECT_CONVERSION = YES_AGGRESSIVE;
				CLANG_CXX_LANGUAGE_STANDARD = "gnu++20";
				CLANG_ENABLE_MODULES = YES;
				CLANG_ENABLE_OBJC_ARC = YES;
				CLANG_ENABLE_OBJC_WEAK = YES;
				CLANG_WARN_BLOCK_CAPTURE_AUTORELEASING = YES;
				CLANG_WARN_BOOL_CONVERSION = YES;
				CLANG_WARN_COMMA = YES;
				CLANG_WARN_CONSTANT_CONVERSION = YES;
				CLANG_WARN_DEPRECATED_OBJC_IMPLEMENTATIONS = YES;
				CLANG_WARN_DIRECT_OBJC_ISA_USAGE = YES_ERROR;
				CLANG_WARN_DOCUMENTATION_COMMENTS = YES;
				CLANG_WARN_EMPTY_BODY = YES;
				CLANG_WARN_ENUM_CONVERSION = YES;
				CLANG_WARN_INFINITE_RECURSION = YES;
				CLANG_WARN_INT_CONVERSION = YES;
				CLANG_WARN_NON_LITERAL_NULL_CONVERSION = YES;
				CLANG_WARN_OBJC_IMPLICIT_RETAIN_SELF = YES;
				CLANG_WARN_OBJC_LITERAL_CONVERSION = YES;
				CLANG_WARN_OBJC_ROOT_CLASS = YES_ERROR;
				CLANG_WARN_QUOTED_INCLUDE_IN_FRAMEWORK_HEADER = YES;
				CLANG_WARN_RANGE_LOOP_ANALYSIS = YES;
				CLANG_WARN_STRICT_PROTOTYPES = YES;
				CLANG_WARN_SUSPICIOUS_MOVE = YES;
				CLANG_WARN_UNGUARDED_AVAILABILITY = YES_AGGRESSIVE;
				CLANG_WARN_UNREACHABLE_CODE = YES;
				CLANG_WARN__DUPLICATE_METHOD_MATCH = YES;
				COPY_PHASE_STRIP = NO;
				DEBUG_INFORMATION_FORMAT = "dwarf-with-dsym";
				DEVELOPMENT_TEAM = PX63F4TNY3;
				ENABLE_NS_ASSERTIONS = NO;
				ENABLE_STRICT_OBJC_MSGSEND = YES;
				ENABLE_USER_SCRIPT_SANDBOXING = YES;
				GCC_C_LANGUAGE_STANDARD = gnu11;
				GCC_NO_COMMON_BLOCKS = YES;
				GCC_WARN_64_TO_32_BIT_CONVERSION = YES;
				GCC_WARN_ABOUT_RETURN_TYPE = YES_ERROR;
				GCC_WARN_UNDECLARED_SELECTOR = YES;
				GCC_WARN_UNINITIALIZED_AUTOS = YES_AGGRESSIVE;
				GCC_WARN_UNUSED_FUNCTION = YES;
				GCC_WARN_UNUSED_VARIABLE = YES;
				INFOPLIST_KEY_UILaunchScreen_Generation = NO;
				IPHONEOS_DEPLOYMENT_TARGET = 16.4;
				MTL_ENABLE_DEBUG_INFO = NO;
				MTL_FAST_MATH = YES;
				SDKROOT = iphoneos;
				SWIFT_COMPILATION_MODE = wholemodule;
				SWIFT_OPTIMIZATION_LEVEL = "-O";
				VALIDATE_PRODUCT = YES;
			};
			name = Release;
		};
		3DF5D4DA2C46FA4000103F4B /* Debug */ = {
			isa = XCBuildConfiguration;
			buildSettings = {
				ASSETCATALOG_COMPILER_APPICON_NAME = AppIcon;
				ASSETCATALOG_COMPILER_GLOBAL_ACCENT_COLOR_NAME = AccentColor;
				CODE_SIGN_STYLE = Automatic;
				CURRENT_PROJECT_VERSION = 1;
				DEVELOPMENT_ASSET_PATHS = "\"Threads/Preview Content\"";
				ENABLE_PREVIEWS = YES;
				GENERATE_INFOPLIST_FILE = YES;
				INFOPLIST_KEY_UIApplicationSceneManifest_Generation = YES;
				INFOPLIST_KEY_UIApplicationSupportsIndirectInputEvents = YES;
				INFOPLIST_KEY_UILaunchScreen_Generation = YES;
				INFOPLIST_KEY_UILaunchStoryboardName = "Launch Screen.storyboard";
				INFOPLIST_KEY_UISupportedInterfaceOrientations_iPad = "UIInterfaceOrientationPortrait UIInterfaceOrientationPortraitUpsideDown UIInterfaceOrientationLandscapeLeft UIInterfaceOrientationLandscapeRight";
				INFOPLIST_KEY_UISupportedInterfaceOrientations_iPhone = "UIInterfaceOrientationPortrait UIInterfaceOrientationLandscapeLeft UIInterfaceOrientationLandscapeRight";
				LD_RUNPATH_SEARCH_PATHS = (
					"$(inherited)",
					"@executable_path/Frameworks",
				);
				MARKETING_VERSION = 1.0;
				PRODUCT_BUNDLE_IDENTIFIER = com.dreamsoftware.Threads;
				PRODUCT_NAME = "$(TARGET_NAME)";
				SWIFT_EMIT_LOC_STRINGS = YES;
				SWIFT_VERSION = 5.0;
				TARGETED_DEVICE_FAMILY = "1,2";
			};
			name = Debug;
		};
		3DF5D4DB2C46FA4000103F4B /* Release */ = {
			isa = XCBuildConfiguration;
			buildSettings = {
				ASSETCATALOG_COMPILER_APPICON_NAME = AppIcon;
				ASSETCATALOG_COMPILER_GLOBAL_ACCENT_COLOR_NAME = AccentColor;
				CODE_SIGN_STYLE = Automatic;
				CURRENT_PROJECT_VERSION = 1;
				DEVELOPMENT_ASSET_PATHS = "\"Threads/Preview Content\"";
				ENABLE_PREVIEWS = YES;
				GENERATE_INFOPLIST_FILE = YES;
				INFOPLIST_KEY_UIApplicationSceneManifest_Generation = YES;
				INFOPLIST_KEY_UIApplicationSupportsIndirectInputEvents = YES;
				INFOPLIST_KEY_UILaunchScreen_Generation = YES;
				INFOPLIST_KEY_UILaunchStoryboardName = "Launch Screen.storyboard";
				INFOPLIST_KEY_UISupportedInterfaceOrientations_iPad = "UIInterfaceOrientationPortrait UIInterfaceOrientationPortraitUpsideDown UIInterfaceOrientationLandscapeLeft UIInterfaceOrientationLandscapeRight";
				INFOPLIST_KEY_UISupportedInterfaceOrientations_iPhone = "UIInterfaceOrientationPortrait UIInterfaceOrientationLandscapeLeft UIInterfaceOrientationLandscapeRight";
				LD_RUNPATH_SEARCH_PATHS = (
					"$(inherited)",
					"@executable_path/Frameworks",
				);
				MARKETING_VERSION = 1.0;
				PRODUCT_BUNDLE_IDENTIFIER = com.dreamsoftware.Threads;
				PRODUCT_NAME = "$(TARGET_NAME)";
				SWIFT_EMIT_LOC_STRINGS = YES;
				SWIFT_VERSION = 5.0;
				TARGETED_DEVICE_FAMILY = "1,2";
			};
			name = Release;
		};
/* End XCBuildConfiguration section */

/* Begin XCConfigurationList section */
		3DF5D4C62C46FA3E00103F4B /* Build configuration list for PBXProject "Threads" */ = {
			isa = XCConfigurationList;
			buildConfigurations = (
				3DF5D4D72C46FA4000103F4B /* Debug */,
				3DF5D4D82C46FA4000103F4B /* Release */,
			);
			defaultConfigurationIsVisible = 0;
			defaultConfigurationName = Release;
		};
		3DF5D4D92C46FA4000103F4B /* Build configuration list for PBXNativeTarget "Threads" */ = {
			isa = XCConfigurationList;
			buildConfigurations = (
				3DF5D4DA2C46FA4000103F4B /* Debug */,
				3DF5D4DB2C46FA4000103F4B /* Release */,
			);
			defaultConfigurationIsVisible = 0;
			defaultConfigurationName = Release;
		};
/* End XCConfigurationList section */

/* Begin XCRemoteSwiftPackageReference section */
		3D6512A42C4AD63100EC40EE /* XCRemoteSwiftPackageReference "firebase-ios-sdk" */ = {
			isa = XCRemoteSwiftPackageReference;
			repositoryURL = "https://github.com/firebase/firebase-ios-sdk.git";
			requirement = {
				kind = upToNextMajorVersion;
				minimumVersion = 10.0.0;
			};
		};
		3D7F54D22CDD5A7600D1CF50 /* XCRemoteSwiftPackageReference "Factory" */ = {
			isa = XCRemoteSwiftPackageReference;
			repositoryURL = "https://github.com/hmlongco/Factory.git";
			requirement = {
				kind = upToNextMajorVersion;
				minimumVersion = 2.0.0;
			};
		};
		3D885E082C4D017700A3BE3A /* XCRemoteSwiftPackageReference "Kingfisher" */ = {
			isa = XCRemoteSwiftPackageReference;
			repositoryURL = "https://github.com/onevcat/Kingfisher.git";
			requirement = {
				kind = upToNextMajorVersion;
				minimumVersion = 7.0.0;
			};
		};
		3D976B5B2CF1FAE5008AE29A /* XCRemoteSwiftPackageReference "SwipeActions" */ = {
			isa = XCRemoteSwiftPackageReference;
			repositoryURL = "https://github.com/c-villain/SwipeActions.git";
			requirement = {
				kind = upToNextMajorVersion;
				minimumVersion = 0.4.1;
			};
		};
/* End XCRemoteSwiftPackageReference section */

/* Begin XCSwiftPackageProductDependency section */
		3D6512A52C4AD63100EC40EE /* FirebaseAuth */ = {
			isa = XCSwiftPackageProductDependency;
			package = 3D6512A42C4AD63100EC40EE /* XCRemoteSwiftPackageReference "firebase-ios-sdk" */;
			productName = FirebaseAuth;
		};
		3D6512A72C4AD63100EC40EE /* FirebaseFirestore */ = {
			isa = XCSwiftPackageProductDependency;
			package = 3D6512A42C4AD63100EC40EE /* XCRemoteSwiftPackageReference "firebase-ios-sdk" */;
			productName = FirebaseFirestore;
		};
		3D6512A92C4AD63100EC40EE /* FirebaseFirestoreSwift */ = {
			isa = XCSwiftPackageProductDependency;
			package = 3D6512A42C4AD63100EC40EE /* XCRemoteSwiftPackageReference "firebase-ios-sdk" */;
			productName = FirebaseFirestoreSwift;
		};
		3D6512AB2C4AD63100EC40EE /* FirebaseStorage */ = {
			isa = XCSwiftPackageProductDependency;
			package = 3D6512A42C4AD63100EC40EE /* XCRemoteSwiftPackageReference "firebase-ios-sdk" */;
			productName = FirebaseStorage;
		};
		3D7F54D32CDD5A7600D1CF50 /* Factory */ = {
			isa = XCSwiftPackageProductDependency;
			package = 3D7F54D22CDD5A7600D1CF50 /* XCRemoteSwiftPackageReference "Factory" */;
			productName = Factory;
		};
		3D885E092C4D017700A3BE3A /* Kingfisher */ = {
			isa = XCSwiftPackageProductDependency;
			package = 3D885E082C4D017700A3BE3A /* XCRemoteSwiftPackageReference "Kingfisher" */;
			productName = Kingfisher;
		};
		3D976B5C2CF1FAE5008AE29A /* SwipeActions */ = {
			isa = XCSwiftPackageProductDependency;
			package = 3D976B5B2CF1FAE5008AE29A /* XCRemoteSwiftPackageReference "SwipeActions" */;
			productName = SwipeActions;
		};
/* End XCSwiftPackageProductDependency section */
	};
	rootObject = 3DF5D4C32C46FA3E00103F4B /* Project object */;
}
